// !$*UTF8*$!
{
	archiveVersion = 1;
	classes = {
	};
	objectVersion = 46;
	objects = {

/* Begin PBXBuildFile section */
		3476A2A81AB8177700037796 /* main.m in Sources */ = {isa = PBXBuildFile; fileRef = 3476A2A71AB8177700037796 /* main.m */; };
		3476A2AB1AB8177700037796 /* AppDelegate.m in Sources */ = {isa = PBXBuildFile; fileRef = 3476A2AA1AB8177700037796 /* AppDelegate.m */; };
		3476A2AD1AB8177700037796 /* Images.xcassets in Resources */ = {isa = PBXBuildFile; fileRef = 3476A2AC1AB8177700037796 /* Images.xcassets */; };
		3476A2B01AB8177700037796 /* LaunchScreen.xib in Resources */ = {isa = PBXBuildFile; fileRef = 3476A2AE1AB8177700037796 /* LaunchScreen.xib */; };
		3476A2BC1AB8177700037796 /* LessonTagTests.m in Sources */ = {isa = PBXBuildFile; fileRef = 3476A2BB1AB8177700037796 /* LessonTagTests.m */; };
		3476A2C71AB8211500037796 /* LTView.m in Sources */ = {isa = PBXBuildFile; fileRef = 3476A2C61AB8211500037796 /* LTView.m */; };
/* End PBXBuildFile section */

/* Begin PBXContainerItemProxy section */
		3476A2B61AB8177700037796 /* PBXContainerItemProxy */ = {
			isa = PBXContainerItemProxy;
			containerPortal = 3476A29A1AB8177700037796 /* Project object */;
			proxyType = 1;
			remoteGlobalIDString = 3476A2A11AB8177700037796;
			remoteInfo = LessonTag;
		};
/* End PBXContainerItemProxy section */

/* Begin PBXFileReference section */
		3476A2A21AB8177700037796 /* LessonTag.app */ = {isa = PBXFileReference; explicitFileType = wrapper.application; includeInIndex = 0; path = LessonTag.app; sourceTree = BUILT_PRODUCTS_DIR; };
		3476A2A61AB8177700037796 /* Info.plist */ = {isa = PBXFileReference; lastKnownFileType = text.plist.xml; path = Info.plist; sourceTree = "<group>"; };
		3476A2A71AB8177700037796 /* main.m */ = {isa = PBXFileReference; lastKnownFileType = sourcecode.c.objc; path = main.m; sourceTree = "<group>"; };
		3476A2A91AB8177700037796 /* AppDelegate.h */ = {isa = PBXFileReference; lastKnownFileType = sourcecode.c.h; path = AppDelegate.h; sourceTree = "<group>"; };
		3476A2AA1AB8177700037796 /* AppDelegate.m */ = {isa = PBXFileReference; lastKnownFileType = sourcecode.c.objc; path = AppDelegate.m; sourceTree = "<group>"; };
		3476A2AC1AB8177700037796 /* Images.xcassets */ = {isa = PBXFileReference; lastKnownFileType = folder.assetcatalog; path = Images.xcassets; sourceTree = "<group>"; };
		3476A2AF1AB8177700037796 /* Base */ = {isa = PBXFileReference; lastKnownFileType = file.xib; name = Base; path = Base.lproj/LaunchScreen.xib; sourceTree = "<group>"; };
		3476A2B51AB8177700037796 /* LessonTagTests.xctest */ = {isa = PBXFileReference; explicitFileType = wrapper.cfbundle; includeInIndex = 0; path = LessonTagTests.xctest; sourceTree = BUILT_PRODUCTS_DIR; };
		3476A2BA1AB8177700037796 /* Info.plist */ = {isa = PBXFileReference; lastKnownFileType = text.plist.xml; path = Info.plist; sourceTree = "<group>"; };
		3476A2BB1AB8177700037796 /* LessonTagTests.m */ = {isa = PBXFileReference; lastKnownFileType = sourcecode.c.objc; path = LessonTagTests.m; sourceTree = "<group>"; };
		3476A2C51AB8211500037796 /* LTView.h */ = {isa = PBXFileReference; fileEncoding = 4; lastKnownFileType = sourcecode.c.h; path = LTView.h; sourceTree = "<group>"; };
		3476A2C61AB8211500037796 /* LTView.m */ = {isa = PBXFileReference; fileEncoding = 4; lastKnownFileType = sourcecode.c.objc; path = LTView.m; sourceTree = "<group>"; };
/* End PBXFileReference section */

/* Begin PBXFrameworksBuildPhase section */
		3476A29F1AB8177700037796 /* Frameworks */ = {
			isa = PBXFrameworksBuildPhase;
			buildActionMask = 2147483647;
			files = (
			);
			runOnlyForDeploymentPostprocessing = 0;
		};
		3476A2B21AB8177700037796 /* Frameworks */ = {
			isa = PBXFrameworksBuildPhase;
			buildActionMask = 2147483647;
			files = (
			);
			runOnlyForDeploymentPostprocessing = 0;
		};
/* End PBXFrameworksBuildPhase section */

/* Begin PBXGroup section */
		3476A2991AB8177700037796 = {
			isa = PBXGroup;
			children = (
				3476A2A41AB8177700037796 /* LessonTag */,
				3476A2B81AB8177700037796 /* LessonTagTests */,
				3476A2A31AB8177700037796 /* Products */,
			);
			sourceTree = "<group>";
		};
		3476A2A31AB8177700037796 /* Products */ = {
			isa = PBXGroup;
			children = (
				3476A2A21AB8177700037796 /* LessonTag.app */,
				3476A2B51AB8177700037796 /* LessonTagTests.xctest */,
			);
			name = Products;
			sourceTree = "<group>";
		};
		3476A2A41AB8177700037796 /* LessonTag */ = {
			isa = PBXGroup;
			children = (
				3476A2A91AB8177700037796 /* AppDelegate.h */,
				3476A2AA1AB8177700037796 /* AppDelegate.m */,
				3476A2C51AB8211500037796 /* LTView.h */,
				3476A2C61AB8211500037796 /* LTView.m */,
				3476A2AC1AB8177700037796 /* Images.xcassets */,
				3476A2AE1AB8177700037796 /* LaunchScreen.xib */,
				3476A2A51AB8177700037796 /* Supporting Files */,
			);
			path = LessonTag;
			sourceTree = "<group>";
		};
		3476A2A51AB8177700037796 /* Supporting Files */ = {
			isa = PBXGroup;
			children = (
				3476A2A61AB8177700037796 /* Info.plist */,
				3476A2A71AB8177700037796 /* main.m */,
			);
			name = "Supporting Files";
			sourceTree = "<group>";
		};
		3476A2B81AB8177700037796 /* LessonTagTests */ = {
			isa = PBXGroup;
			children = (
				3476A2BB1AB8177700037796 /* LessonTagTests.m */,
				3476A2B91AB8177700037796 /* Supporting Files */,
			);
			path = LessonTagTests;
			sourceTree = "<group>";
		};
		3476A2B91AB8177700037796 /* Supporting Files */ = {
			isa = PBXGroup;
			children = (
				3476A2BA1AB8177700037796 /* Info.plist */,
			);
			name = "Supporting Files";
			sourceTree = "<group>";
		};
/* End PBXGroup section */

/* Begin PBXNativeTarget section */
		3476A2A11AB8177700037796 /* LessonTag */ = {
			isa = PBXNativeTarget;
			buildConfigurationList = 3476A2BF1AB8177700037796 /* Build configuration list for PBXNativeTarget "LessonTag" */;
			buildPhases = (
				3476A29E1AB8177700037796 /* Sources */,
				3476A29F1AB8177700037796 /* Frameworks */,
				3476A2A01AB8177700037796 /* Resources */,
			);
			buildRules = (
			);
			dependencies = (
			);
			name = LessonTag;
			productName = LessonTag;
			productReference = 3476A2A21AB8177700037796 /* LessonTag.app */;
			productType = "com.apple.product-type.application";
		};
		3476A2B41AB8177700037796 /* LessonTagTests */ = {
			isa = PBXNativeTarget;
			buildConfigurationList = 3476A2C21AB8177700037796 /* Build configuration list for PBXNativeTarget "LessonTagTests" */;
			buildPhases = (
				3476A2B11AB8177700037796 /* Sources */,
				3476A2B21AB8177700037796 /* Frameworks */,
				3476A2B31AB8177700037796 /* Resources */,
			);
			buildRules = (
			);
			dependencies = (
				3476A2B71AB8177700037796 /* PBXTargetDependency */,
			);
			name = LessonTagTests;
			productName = LessonTagTests;
			productReference = 3476A2B51AB8177700037796 /* LessonTagTests.xctest */;
			productType = "com.apple.product-type.bundle.unit-test";
		};
/* End PBXNativeTarget section */

/* Begin PBXProject section */
		3476A29A1AB8177700037796 /* Project object */ = {
			isa = PBXProject;
			attributes = {
				LastUpgradeCheck = 0610;
				ORGANIZATIONNAME = lanouhn;
				TargetAttributes = {
					3476A2A11AB8177700037796 = {
						CreatedOnToolsVersion = 6.1;
					};
					3476A2B41AB8177700037796 = {
						CreatedOnToolsVersion = 6.1;
						TestTargetID = 3476A2A11AB8177700037796;
					};
				};
			};
			buildConfigurationList = 3476A29D1AB8177700037796 /* Build configuration list for PBXProject "LessonTag" */;
			compatibilityVersion = "Xcode 3.2";
			developmentRegion = English;
			hasScannedForEncodings = 0;
			knownRegions = (
				en,
				Base,
			);
			mainGroup = 3476A2991AB8177700037796;
			productRefGroup = 3476A2A31AB8177700037796 /* Products */;
			projectDirPath = "";
			projectRoot = "";
			targets = (
				3476A2A11AB8177700037796 /* LessonTag */,
				3476A2B41AB8177700037796 /* LessonTagTests */,
			);
		};
/* End PBXProject section */

/* Begin PBXResourcesBuildPhase section */
		3476A2A01AB8177700037796 /* Resources */ = {
			isa = PBXResourcesBuildPhase;
			buildActionMask = 2147483647;
			files = (
				3476A2B01AB8177700037796 /* LaunchScreen.xib in Resources */,
				3476A2AD1AB8177700037796 /* Images.xcassets in Resources */,
			);
			runOnlyForDeploymentPostprocessing = 0;
		};
		3476A2B31AB8177700037796 /* Resources */ = {
			isa = PBXResourcesBuildPhase;
			buildActionMask = 2147483647;
			files = (
			);
			runOnlyForDeploymentPostprocessing = 0;
		};
/* End PBXResourcesBuildPhase section */

/* Begin PBXSourcesBuildPhase section */
		3476A29E1AB8177700037796 /* Sources */ = {
			isa = PBXSourcesBuildPhase;
			buildActionMask = 2147483647;
			files = (
				3476A2AB1AB8177700037796 /* AppDelegate.m in Sources */,
				3476A2A81AB8177700037796 /* main.m in Sources */,
				3476A2C71AB8211500037796 /* LTView.m in Sources */,
			);
			runOnlyForDeploymentPostprocessing = 0;
		};
		3476A2B11AB8177700037796 /* Sources */ = {
			isa = PBXSourcesBuildPhase;
			buildActionMask = 2147483647;
			files = (
				3476A2BC1AB8177700037796 /* LessonTagTests.m in Sources */,
			);
			runOnlyForDeploymentPostprocessing = 0;
		};
/* End PBXSourcesBuildPhase section */

/* Begin PBXTargetDependency section */
		3476A2B71AB8177700037796 /* PBXTargetDependency */ = {
			isa = PBXTargetDependency;
			target = 3476A2A11AB8177700037796 /* LessonTag */;
			targetProxy = 3476A2B61AB8177700037796 /* PBXContainerItemProxy */;
		};
/* End PBXTargetDependency section */

/* Begin PBXVariantGroup section */
		3476A2AE1AB8177700037796 /* LaunchScreen.xib */ = {
			isa = PBXVariantGroup;
			children = (
				3476A2AF1AB8177700037796 /* Base */,
			);
			name = LaunchScreen.xib;
			sourceTree = "<group>";
		};
/* End PBXVariantGroup section */

/* Begin XCBuildConfiguration section */
		3476A2BD1AB8177700037796 /* Debug */ = {
			isa = XCBuildConfiguration;
			buildSettings = {
				ALWAYS_SEARCH_USER_PATHS = NO;
				CLANG_CXX_LANGUAGE_STANDARD = "gnu++0x";
				CLANG_CXX_LIBRARY = "libc++";
				CLANG_ENABLE_MODULES = YES;
				CLANG_ENABLE_OBJC_ARC = YES;
				CLANG_WARN_BOOL_CONVERSION = YES;
				CLANG_WARN_CONSTANT_CONVERSION = YES;
				CLANG_WARN_DIRECT_OBJC_ISA_USAGE = YES_ERROR;
				CLANG_WARN_EMPTY_BODY = YES;
				CLANG_WARN_ENUM_CONVERSION = YES;
				CLANG_WARN_INT_CONVERSION = YES;
				CLANG_WARN_OBJC_ROOT_CLASS = YES_ERROR;
				CLANG_WARN_UNREACHABLE_CODE = YES;
				CLANG_WARN__DUPLICATE_METHOD_MATCH = YES;
				"CODE_SIGN_IDENTITY[sdk=iphoneos*]" = "iPhone Developer";
				COPY_PHASE_STRIP = NO;
				ENABLE_STRICT_OBJC_MSGSEND = YES;
				GCC_C_LANGUAGE_STANDARD = gnu99;
				GCC_DYNAMIC_NO_PIC = NO;
				GCC_OPTIMIZATION_LEVEL = 0;
				GCC_PREPROCESSOR_DEFINITIONS = (
					"DEBUG=1",
					"$(inherited)",
				);
				GCC_SYMBOLS_PRIVATE_EXTERN = NO;
				GCC_WARN_64_TO_32_BIT_CONVERSION = YES;
				GCC_WARN_ABOUT_RETURN_TYPE = YES_ERROR;
				GCC_WARN_UNDECLARED_SELECTOR = YES;
				GCC_WARN_UNINITIALIZED_AUTOS = YES_AGGRESSIVE;
				GCC_WARN_UNUSED_FUNCTION = YES;
				GCC_WARN_UNUSED_VARIABLE = YES;
				IPHONEOS_DEPLOYMENT_TARGET = 8.1;
				MTL_ENABLE_DEBUG_INFO = YES;
				ONLY_ACTIVE_ARCH = YES;
				SDKROOT = iphoneos;
			};
			name = Debug;
		};
		3476A2BE1AB8177700037796 /* Release */ = {
			isa = XCBuildConfiguration;
			buildSettings = {
				ALWAYS_SEARCH_USER_PATHS = NO;
				CLANG_CXX_LANGUAGE_STANDARD = "gnu++0x";
				CLANG_CXX_LIBRARY = "libc++";
				CLANG_ENABLE_MODULES = YES;
				CLANG_ENABLE_OBJC_ARC = YES;
				CLANG_WARN_BOOL_CONVERSION = YES;
				CLANG_WARN_CONSTANT_CONVERSION = YES;
				CLANG_WARN_DIRECT_OBJC_ISA_USAGE = YES_ERROR;
				CLANG_WARN_EMPTY_BODY = YES;
				CLANG_WARN_ENUM_CONVERSION = YES;
				CLANG_WARN_INT_CONVERSION = YES;
				CLANG_WARN_OBJC_ROOT_CLASS = YES_ERROR;
				CLANG_WARN_UNREACHABLE_CODE = YES;
				CLANG_WARN__DUPLICATE_METHOD_MATCH = YES;
				"CODE_SIGN_IDENTITY[sdk=iphoneos*]" = "iPhone Developer";
				COPY_PHASE_STRIP = YES;
				ENABLE_NS_ASSERTIONS = NO;
				ENABLE_STRICT_OBJC_MSGSEND = YES;
				GCC_C_LANGUAGE_STANDARD = gnu99;
				GCC_WARN_64_TO_32_BIT_CONVERSION = YES;
				GCC_WARN_ABOUT_RETURN_TYPE = YES_ERROR;
				GCC_WARN_UNDECLARED_SELECTOR = YES;
				GCC_WARN_UNINITIALIZED_AUTOS = YES_AGGRESSIVE;
				GCC_WARN_UNUSED_FUNCTION = YES;
				GCC_WARN_UNUSED_VARIABLE = YES;
				IPHONEOS_DEPLOYMENT_TARGET = 8.1;
				MTL_ENABLE_DEBUG_INFO = NO;
				SDKROOT = iphoneos;
				VALIDATE_PRODUCT = YES;
			};
			name = Release;
		};
		3476A2C01AB8177700037796 /* Debug */ = {
			isa = XCBuildConfiguration;
			buildSettings = {
				ASSETCATALOG_COMPILER_APPICON_NAME = AppIcon;
				CLANG_ENABLE_OBJC_ARC = NO;
				INFOPLIST_FILE = LessonTag/Info.plist;
				LD_RUNPATH_SEARCH_PATHS = "$(inherited) @executable_path/Frameworks";
				PRODUCT_NAME = "$(TARGET_NAME)";
			};
			name = Debug;
		};
		3476A2C11AB8177700037796 /* Release */ = {
			isa = XCBuildConfiguration;
			buildSettings = {
				ASSETCATALOG_COMPILER_APPICON_NAME = AppIcon;
				CLANG_ENABLE_OBJC_ARC = NO;
				INFOPLIST_FILE = LessonTag/Info.plist;
				LD_RUNPATH_SEARCH_PATHS = "$(inherited) @executable_path/Frameworks";
				PRODUCT_NAME = "$(TARGET_NAME)";
			};
			name = Release;
		};
		3476A2C31AB8177700037796 /* Debug */ = {
			isa = XCBuildConfiguration;
			buildSettings = {
				BUNDLE_LOADER = "$(TEST_HOST)";
				FRAMEWORK_SEARCH_PATHS = (
					"$(SDKROOT)/Developer/Library/Frameworks",
					"$(inherited)",
				);
				GCC_PREPROCESSOR_DEFINITIONS = (
					"DEBUG=1",
					"$(inherited)",
				);
				INFOPLIST_FILE = LessonTagTests/Info.plist;
				LD_RUNPATH_SEARCH_PATHS = "$(inherited) @executable_path/Frameworks @loader_path/Frameworks";
				PRODUCT_NAME = "$(TARGET_NAME)";
				TEST_HOST = "$(BUILT_PRODUCTS_DIR)/LessonTag.app/LessonTag";
			};
			name = Debug;
		};
		3476A2C41AB8177700037796 /* Release */ = {
			isa = XCBuildConfiguration;
			buildSettings = {
				BUNDLE_LOADER = "$(TEST_HOST)";
				FRAMEWORK_SEARCH_PATHS = (
					"$(SDKROOT)/Developer/Library/Frameworks",
					"$(inherited)",
				);
				INFOPLIST_FILE = LessonTagTests/Info.plist;
				LD_RUNPATH_SEARCH_PATHS = "$(inherited) @executable_path/Frameworks @loader_path/Frameworks";
				PRODUCT_NAME = "$(TARGET_NAME)";
				TEST_HOST = "$(BUILT_PRODUCTS_DIR)/LessonTag.app/LessonTag";
			};
			name = Release;
		};
/* End XCBuildConfiguration section */

/* Begin XCConfigurationList section */
		3476A29D1AB8177700037796 /* Build configuration list for PBXProject "LessonTag" */ = {
			isa = XCConfigurationList;
			buildConfigurations = (
				3476A2BD1AB8177700037796 /* Debug */,
				3476A2BE1AB8177700037796 /* Release */,
			);
			defaultConfigurationIsVisible = 0;
			defaultConfigurationName = Release;
		};
		3476A2BF1AB8177700037796 /* Build configuration list for PBXNativeTarget "LessonTag" */ = {
			isa = XCConfigurationList;
			buildConfigurations = (
				3476A2C01AB8177700037796 /* Debug */,
				3476A2C11AB8177700037796 /* Release */,
			);
			defaultConfigurationIsVisible = 0;
			defaultConfigurationName = Release;
		};
		3476A2C21AB8177700037796 /* Build configuration list for PBXNativeTarget "LessonTagTests" */ = {
			isa = XCConfigurationList;
			buildConfigurations = (
				3476A2C31AB8177700037796 /* Debug */,
				3476A2C41AB8177700037796 /* Release */,
			);
			defaultConfigurationIsVisible = 0;
			defaultConfigurationName = Release;
		};
/* End XCConfigurationList section */
	};
	rootObject = 3476A29A1AB8177700037796 /* Project object */;
}
