// !$*UTF8*$!
{
	archiveVersion = 1;
	classes = {
	};
	objectVersion = 46;
	objects = {

/* Begin PBXBuildFile section */
		343E12791AB912D2001AA7F8 /* main.m in Sources */ = {isa = PBXBuildFile; fileRef = 343E12781AB912D2001AA7F8 /* main.m */; };
		343E127C1AB912D2001AA7F8 /* AppDelegate.m in Sources */ = {isa = PBXBuildFile; fileRef = 343E127B1AB912D2001AA7F8 /* AppDelegate.m */; };
		343E127E1AB912D2001AA7F8 /* Images.xcassets in Resources */ = {isa = PBXBuildFile; fileRef = 343E127D1AB912D2001AA7F8 /* Images.xcassets */; };
		343E12811AB912D2001AA7F8 /* LaunchScreen.xib in Resources */ = {isa = PBXBuildFile; fileRef = 343E127F1AB912D2001AA7F8 /* LaunchScreen.xib */; };
		343E128D1AB912D2001AA7F8 /* LessonUIViewSubClassTests.m in Sources */ = {isa = PBXBuildFile; fileRef = 343E128C1AB912D2001AA7F8 /* LessonUIViewSubClassTests.m */; };
		343E12971AB92FAA001AA7F8 /* 123.png in Resources */ = {isa = PBXBuildFile; fileRef = 343E12961AB92FAA001AA7F8 /* 123.png */; };
		343E12991AB93089001AA7F8 /* 1234.png in Resources */ = {isa = PBXBuildFile; fileRef = 343E12981AB93089001AA7F8 /* 1234.png */; };
		343E12D01AB97172001AA7F8 /* 456.png in Resources */ = {isa = PBXBuildFile; fileRef = 343E12CF1AB97172001AA7F8 /* 456.png */; };
/* End PBXBuildFile section */

/* Begin PBXContainerItemProxy section */
		343E12871AB912D2001AA7F8 /* PBXContainerItemProxy */ = {
			isa = PBXContainerItemProxy;
			containerPortal = 343E126B1AB912D2001AA7F8 /* Project object */;
			proxyType = 1;
			remoteGlobalIDString = 343E12721AB912D2001AA7F8;
			remoteInfo = LessonUIViewSubClass;
		};
/* End PBXContainerItemProxy section */

/* Begin PBXFileReference section */
		343E12731AB912D2001AA7F8 /* LessonUIViewSubClass.app */ = {isa = PBXFileReference; explicitFileType = wrapper.application; includeInIndex = 0; path = LessonUIViewSubClass.app; sourceTree = BUILT_PRODUCTS_DIR; };
		343E12771AB912D2001AA7F8 /* Info.plist */ = {isa = PBXFileReference; lastKnownFileType = text.plist.xml; path = Info.plist; sourceTree = "<group>"; };
		343E12781AB912D2001AA7F8 /* main.m */ = {isa = PBXFileReference; lastKnownFileType = sourcecode.c.objc; path = main.m; sourceTree = "<group>"; };
		343E127A1AB912D2001AA7F8 /* AppDelegate.h */ = {isa = PBXFileReference; lastKnownFileType = sourcecode.c.h; path = AppDelegate.h; sourceTree = "<group>"; };
		343E127B1AB912D2001AA7F8 /* AppDelegate.m */ = {isa = PBXFileReference; lastKnownFileType = sourcecode.c.objc; path = AppDelegate.m; sourceTree = "<group>"; };
		343E127D1AB912D2001AA7F8 /* Images.xcassets */ = {isa = PBXFileReference; lastKnownFileType = folder.assetcatalog; path = Images.xcassets; sourceTree = "<group>"; };
		343E12801AB912D2001AA7F8 /* Base */ = {isa = PBXFileReference; lastKnownFileType = file.xib; name = Base; path = Base.lproj/LaunchScreen.xib; sourceTree = "<group>"; };
		343E12861AB912D2001AA7F8 /* LessonUIViewSubClassTests.xctest */ = {isa = PBXFileReference; explicitFileType = wrapper.cfbundle; includeInIndex = 0; path = LessonUIViewSubClassTests.xctest; sourceTree = BUILT_PRODUCTS_DIR; };
		343E128B1AB912D2001AA7F8 /* Info.plist */ = {isa = PBXFileReference; lastKnownFileType = text.plist.xml; path = Info.plist; sourceTree = "<group>"; };
		343E128C1AB912D2001AA7F8 /* LessonUIViewSubClassTests.m */ = {isa = PBXFileReference; lastKnownFileType = sourcecode.c.objc; path = LessonUIViewSubClassTests.m; sourceTree = "<group>"; };
		343E12961AB92FAA001AA7F8 /* 123.png */ = {isa = PBXFileReference; lastKnownFileType = image.png; path = 123.png; sourceTree = "<group>"; };
		343E12981AB93089001AA7F8 /* 1234.png */ = {isa = PBXFileReference; lastKnownFileType = image.png; path = 1234.png; sourceTree = "<group>"; };
		343E12CF1AB97172001AA7F8 /* 456.png */ = {isa = PBXFileReference; lastKnownFileType = image.png; path = 456.png; sourceTree = "<group>"; };
/* End PBXFileReference section */

/* Begin PBXFrameworksBuildPhase section */
		343E12701AB912D2001AA7F8 /* Frameworks */ = {
			isa = PBXFrameworksBuildPhase;
			buildActionMask = 2147483647;
			files = (
			);
			runOnlyForDeploymentPostprocessing = 0;
		};
		343E12831AB912D2001AA7F8 /* Frameworks */ = {
			isa = PBXFrameworksBuildPhase;
			buildActionMask = 2147483647;
			files = (
			);
			runOnlyForDeploymentPostprocessing = 0;
		};
/* End PBXFrameworksBuildPhase section */

/* Begin PBXGroup section */
		343E126A1AB912D2001AA7F8 = {
			isa = PBXGroup;
			children = (
				343E12751AB912D2001AA7F8 /* LessonUIViewSubClass */,
				343E12891AB912D2001AA7F8 /* LessonUIViewSubClassTests */,
				343E12741AB912D2001AA7F8 /* Products */,
			);
			sourceTree = "<group>";
		};
		343E12741AB912D2001AA7F8 /* Products */ = {
			isa = PBXGroup;
			children = (
				343E12731AB912D2001AA7F8 /* LessonUIViewSubClass.app */,
				343E12861AB912D2001AA7F8 /* LessonUIViewSubClassTests.xctest */,
			);
			name = Products;
			sourceTree = "<group>";
		};
		343E12751AB912D2001AA7F8 /* LessonUIViewSubClass */ = {
			isa = PBXGroup;
			children = (
				343E127A1AB912D2001AA7F8 /* AppDelegate.h */,
				343E127B1AB912D2001AA7F8 /* AppDelegate.m */,
				343E12CF1AB97172001AA7F8 /* 456.png */,
				343E12961AB92FAA001AA7F8 /* 123.png */,
				343E12981AB93089001AA7F8 /* 1234.png */,
				343E127D1AB912D2001AA7F8 /* Images.xcassets */,
				343E127F1AB912D2001AA7F8 /* LaunchScreen.xib */,
				343E12761AB912D2001AA7F8 /* Supporting Files */,
			);
			path = LessonUIViewSubClass;
			sourceTree = "<group>";
		};
		343E12761AB912D2001AA7F8 /* Supporting Files */ = {
			isa = PBXGroup;
			children = (
				343E12771AB912D2001AA7F8 /* Info.plist */,
				343E12781AB912D2001AA7F8 /* main.m */,
			);
			name = "Supporting Files";
			sourceTree = "<group>";
		};
		343E12891AB912D2001AA7F8 /* LessonUIViewSubClassTests */ = {
			isa = PBXGroup;
			children = (
				343E128C1AB912D2001AA7F8 /* LessonUIViewSubClassTests.m */,
				343E128A1AB912D2001AA7F8 /* Supporting Files */,
			);
			path = LessonUIViewSubClassTests;
			sourceTree = "<group>";
		};
		343E128A1AB912D2001AA7F8 /* Supporting Files */ = {
			isa = PBXGroup;
			children = (
				343E128B1AB912D2001AA7F8 /* Info.plist */,
			);
			name = "Supporting Files";
			sourceTree = "<group>";
		};
/* End PBXGroup section */

/* Begin PBXNativeTarget section */
		343E12721AB912D2001AA7F8 /* LessonUIViewSubClass */ = {
			isa = PBXNativeTarget;
			buildConfigurationList = 343E12901AB912D2001AA7F8 /* Build configuration list for PBXNativeTarget "LessonUIViewSubClass" */;
			buildPhases = (
				343E126F1AB912D2001AA7F8 /* Sources */,
				343E12701AB912D2001AA7F8 /* Frameworks */,
				343E12711AB912D2001AA7F8 /* Resources */,
			);
			buildRules = (
			);
			dependencies = (
			);
			name = LessonUIViewSubClass;
			productName = LessonUIViewSubClass;
			productReference = 343E12731AB912D2001AA7F8 /* LessonUIViewSubClass.app */;
			productType = "com.apple.product-type.application";
		};
		343E12851AB912D2001AA7F8 /* LessonUIViewSubClassTests */ = {
			isa = PBXNativeTarget;
			buildConfigurationList = 343E12931AB912D2001AA7F8 /* Build configuration list for PBXNativeTarget "LessonUIViewSubClassTests" */;
			buildPhases = (
				343E12821AB912D2001AA7F8 /* Sources */,
				343E12831AB912D2001AA7F8 /* Frameworks */,
				343E12841AB912D2001AA7F8 /* Resources */,
			);
			buildRules = (
			);
			dependencies = (
				343E12881AB912D2001AA7F8 /* PBXTargetDependency */,
			);
			name = LessonUIViewSubClassTests;
			productName = LessonUIViewSubClassTests;
			productReference = 343E12861AB912D2001AA7F8 /* LessonUIViewSubClassTests.xctest */;
			productType = "com.apple.product-type.bundle.unit-test";
		};
/* End PBXNativeTarget section */

/* Begin PBXProject section */
		343E126B1AB912D2001AA7F8 /* Project object */ = {
			isa = PBXProject;
			attributes = {
				LastUpgradeCheck = 0610;
				ORGANIZATIONNAME = lanouhn;
				TargetAttributes = {
					343E12721AB912D2001AA7F8 = {
						CreatedOnToolsVersion = 6.1;
					};
					343E12851AB912D2001AA7F8 = {
						CreatedOnToolsVersion = 6.1;
						TestTargetID = 343E12721AB912D2001AA7F8;
					};
				};
			};
			buildConfigurationList = 343E126E1AB912D2001AA7F8 /* Build configuration list for PBXProject "LessonUIViewSubClass" */;
			compatibilityVersion = "Xcode 3.2";
			developmentRegion = English;
			hasScannedForEncodings = 0;
			knownRegions = (
				en,
				Base,
			);
			mainGroup = 343E126A1AB912D2001AA7F8;
			productRefGroup = 343E12741AB912D2001AA7F8 /* Products */;
			projectDirPath = "";
			projectRoot = "";
			targets = (
				343E12721AB912D2001AA7F8 /* LessonUIViewSubClass */,
				343E12851AB912D2001AA7F8 /* LessonUIViewSubClassTests */,
			);
		};
/* End PBXProject section */

/* Begin PBXResourcesBuildPhase section */
		343E12711AB912D2001AA7F8 /* Resources */ = {
			isa = PBXResourcesBuildPhase;
			buildActionMask = 2147483647;
			files = (
				343E12811AB912D2001AA7F8 /* LaunchScreen.xib in Resources */,
				343E12971AB92FAA001AA7F8 /* 123.png in Resources */,
				343E12991AB93089001AA7F8 /* 1234.png in Resources */,
				343E12D01AB97172001AA7F8 /* 456.png in Resources */,
				343E127E1AB912D2001AA7F8 /* Images.xcassets in Resources */,
			);
			runOnlyForDeploymentPostprocessing = 0;
		};
		343E12841AB912D2001AA7F8 /* Resources */ = {
			isa = PBXResourcesBuildPhase;
			buildActionMask = 2147483647;
			files = (
			);
			runOnlyForDeploymentPostprocessing = 0;
		};
/* End PBXResourcesBuildPhase section */

/* Begin PBXSourcesBuildPhase section */
		343E126F1AB912D2001AA7F8 /* Sources */ = {
			isa = PBXSourcesBuildPhase;
			buildActionMask = 2147483647;
			files = (
				343E127C1AB912D2001AA7F8 /* AppDelegate.m in Sources */,
				343E12791AB912D2001AA7F8 /* main.m in Sources */,
			);
			runOnlyForDeploymentPostprocessing = 0;
		};
		343E12821AB912D2001AA7F8 /* Sources */ = {
			isa = PBXSourcesBuildPhase;
			buildActionMask = 2147483647;
			files = (
				343E128D1AB912D2001AA7F8 /* LessonUIViewSubClassTests.m in Sources */,
			);
			runOnlyForDeploymentPostprocessing = 0;
		};
/* End PBXSourcesBuildPhase section */

/* Begin PBXTargetDependency section */
		343E12881AB912D2001AA7F8 /* PBXTargetDependency */ = {
			isa = PBXTargetDependency;
			target = 343E12721AB912D2001AA7F8 /* LessonUIViewSubClass */;
			targetProxy = 343E12871AB912D2001AA7F8 /* PBXContainerItemProxy */;
		};
/* End PBXTargetDependency section */

/* Begin PBXVariantGroup section */
		343E127F1AB912D2001AA7F8 /* LaunchScreen.xib */ = {
			isa = PBXVariantGroup;
			children = (
				343E12801AB912D2001AA7F8 /* Base */,
			);
			name = LaunchScreen.xib;
			sourceTree = "<group>";
		};
/* End PBXVariantGroup section */

/* Begin XCBuildConfiguration section */
		343E128E1AB912D2001AA7F8 /* Debug */ = {
			isa = XCBuildConfiguration;
			buildSettings = {
				ALWAYS_SEARCH_USER_PATHS = NO;
				CLANG_CXX_LANGUAGE_STANDARD = "gnu++0x";
				CLANG_CXX_LIBRARY = "libc++";
				CLANG_ENABLE_MODULES = YES;
				CLANG_ENABLE_OBJC_ARC = YES;
				CLANG_WARN_BOOL_CONVERSION = YES;
				CLANG_WARN_CONSTANT_CONVERSION = YES;
				CLANG_WARN_DIRECT_OBJC_ISA_USAGE = YES_ERROR;
				CLANG_WARN_EMPTY_BODY = YES;
				CLANG_WARN_ENUM_CONVERSION = YES;
				CLANG_WARN_INT_CONVERSION = YES;
				CLANG_WARN_OBJC_ROOT_CLASS = YES_ERROR;
				CLANG_WARN_UNREACHABLE_CODE = YES;
				CLANG_WARN__DUPLICATE_METHOD_MATCH = YES;
				"CODE_SIGN_IDENTITY[sdk=iphoneos*]" = "iPhone Developer";
				COPY_PHASE_STRIP = NO;
				ENABLE_STRICT_OBJC_MSGSEND = YES;
				GCC_C_LANGUAGE_STANDARD = gnu99;
				GCC_DYNAMIC_NO_PIC = NO;
				GCC_OPTIMIZATION_LEVEL = 0;
				GCC_PREPROCESSOR_DEFINITIONS = (
					"DEBUG=1",
					"$(inherited)",
				);
				GCC_SYMBOLS_PRIVATE_EXTERN = NO;
				GCC_WARN_64_TO_32_BIT_CONVERSION = YES;
				GCC_WARN_ABOUT_RETURN_TYPE = YES_ERROR;
				GCC_WARN_UNDECLARED_SELECTOR = YES;
				GCC_WARN_UNINITIALIZED_AUTOS = YES_AGGRESSIVE;
				GCC_WARN_UNUSED_FUNCTION = YES;
				GCC_WARN_UNUSED_VARIABLE = YES;
				IPHONEOS_DEPLOYMENT_TARGET = 8.1;
				MTL_ENABLE_DEBUG_INFO = YES;
				ONLY_ACTIVE_ARCH = YES;
				SDKROOT = iphoneos;
			};
			name = Debug;
		};
		343E128F1AB912D2001AA7F8 /* Release */ = {
			isa = XCBuildConfiguration;
			buildSettings = {
				ALWAYS_SEARCH_USER_PATHS = NO;
				CLANG_CXX_LANGUAGE_STANDARD = "gnu++0x";
				CLANG_CXX_LIBRARY = "libc++";
				CLANG_ENABLE_MODULES = YES;
				CLANG_ENABLE_OBJC_ARC = YES;
				CLANG_WARN_BOOL_CONVERSION = YES;
				CLANG_WARN_CONSTANT_CONVERSION = YES;
				CLANG_WARN_DIRECT_OBJC_ISA_USAGE = YES_ERROR;
				CLANG_WARN_EMPTY_BODY = YES;
				CLANG_WARN_ENUM_CONVERSION = YES;
				CLANG_WARN_INT_CONVERSION = YES;
				CLANG_WARN_OBJC_ROOT_CLASS = YES_ERROR;
				CLANG_WARN_UNREACHABLE_CODE = YES;
				CLANG_WARN__DUPLICATE_METHOD_MATCH = YES;
				"CODE_SIGN_IDENTITY[sdk=iphoneos*]" = "iPhone Developer";
				COPY_PHASE_STRIP = YES;
				ENABLE_NS_ASSERTIONS = NO;
				ENABLE_STRICT_OBJC_MSGSEND = YES;
				GCC_C_LANGUAGE_STANDARD = gnu99;
				GCC_WARN_64_TO_32_BIT_CONVERSION = YES;
				GCC_WARN_ABOUT_RETURN_TYPE = YES_ERROR;
				GCC_WARN_UNDECLARED_SELECTOR = YES;
				GCC_WARN_UNINITIALIZED_AUTOS = YES_AGGRESSIVE;
				GCC_WARN_UNUSED_FUNCTION = YES;
				GCC_WARN_UNUSED_VARIABLE = YES;
				IPHONEOS_DEPLOYMENT_TARGET = 8.1;
				MTL_ENABLE_DEBUG_INFO = NO;
				SDKROOT = iphoneos;
				VALIDATE_PRODUCT = YES;
			};
			name = Release;
		};
		343E12911AB912D2001AA7F8 /* Debug */ = {
			isa = XCBuildConfiguration;
			buildSettings = {
				ASSETCATALOG_COMPILER_APPICON_NAME = AppIcon;
				CLANG_ENABLE_OBJC_ARC = NO;
				INFOPLIST_FILE = LessonUIViewSubClass/Info.plist;
				LD_RUNPATH_SEARCH_PATHS = "$(inherited) @executable_path/Frameworks";
				PRODUCT_NAME = "$(TARGET_NAME)";
			};
			name = Debug;
		};
		343E12921AB912D2001AA7F8 /* Release */ = {
			isa = XCBuildConfiguration;
			buildSettings = {
				ASSETCATALOG_COMPILER_APPICON_NAME = AppIcon;
				CLANG_ENABLE_OBJC_ARC = NO;
				INFOPLIST_FILE = LessonUIViewSubClass/Info.plist;
				LD_RUNPATH_SEARCH_PATHS = "$(inherited) @executable_path/Frameworks";
				PRODUCT_NAME = "$(TARGET_NAME)";
			};
			name = Release;
		};
		343E12941AB912D2001AA7F8 /* Debug */ = {
			isa = XCBuildConfiguration;
			buildSettings = {
				BUNDLE_LOADER = "$(TEST_HOST)";
				FRAMEWORK_SEARCH_PATHS = (
					"$(SDKROOT)/Developer/Library/Frameworks",
					"$(inherited)",
				);
				GCC_PREPROCESSOR_DEFINITIONS = (
					"DEBUG=1",
					"$(inherited)",
				);
				INFOPLIST_FILE = LessonUIViewSubClassTests/Info.plist;
				LD_RUNPATH_SEARCH_PATHS = "$(inherited) @executable_path/Frameworks @loader_path/Frameworks";
				PRODUCT_NAME = "$(TARGET_NAME)";
				TEST_HOST = "$(BUILT_PRODUCTS_DIR)/LessonUIViewSubClass.app/LessonUIViewSubClass";
			};
			name = Debug;
		};
		343E12951AB912D2001AA7F8 /* Release */ = {
			isa = XCBuildConfiguration;
			buildSettings = {
				BUNDLE_LOADER = "$(TEST_HOST)";
				FRAMEWORK_SEARCH_PATHS = (
					"$(SDKROOT)/Developer/Library/Frameworks",
					"$(inherited)",
				);
				INFOPLIST_FILE = LessonUIViewSubClassTests/Info.plist;
				LD_RUNPATH_SEARCH_PATHS = "$(inherited) @executable_path/Frameworks @loader_path/Frameworks";
				PRODUCT_NAME = "$(TARGET_NAME)";
				TEST_HOST = "$(BUILT_PRODUCTS_DIR)/LessonUIViewSubClass.app/LessonUIViewSubClass";
			};
			name = Release;
		};
/* End XCBuildConfiguration section */

/* Begin XCConfigurationList section */
		343E126E1AB912D2001AA7F8 /* Build configuration list for PBXProject "LessonUIViewSubClass" */ = {
			isa = XCConfigurationList;
			buildConfigurations = (
				343E128E1AB912D2001AA7F8 /* Debug */,
				343E128F1AB912D2001AA7F8 /* Release */,
			);
			defaultConfigurationIsVisible = 0;
			defaultConfigurationName = Release;
		};
		343E12901AB912D2001AA7F8 /* Build configuration list for PBXNativeTarget "LessonUIViewSubClass" */ = {
			isa = XCConfigurationList;
			buildConfigurations = (
				343E12911AB912D2001AA7F8 /* Debug */,
				343E12921AB912D2001AA7F8 /* Release */,
			);
			defaultConfigurationIsVisible = 0;
		};
		343E12931AB912D2001AA7F8 /* Build configuration list for PBXNativeTarget "LessonUIViewSubClassTests" */ = {
			isa = XCConfigurationList;
			buildConfigurations = (
				343E12941AB912D2001AA7F8 /* Debug */,
				343E12951AB912D2001AA7F8 /* Release */,
			);
			defaultConfigurationIsVisible = 0;
		};
/* End XCConfigurationList section */
	};
	rootObject = 343E126B1AB912D2001AA7F8 /* Project object */;
}
