// !$*UTF8*$!
{
	archiveVersion = 1;
	classes = {
	};
	objectVersion = 46;
	objects = {

/* Begin PBXBuildFile section */
		3438A2121AB3DE4500CE3AB6 /* Foundation.framework in Frameworks */ = {isa = PBXBuildFile; fileRef = 3438A2111AB3DE4500CE3AB6 /* Foundation.framework */; };
		3438A2141AB3DE4500CE3AB6 /* CoreGraphics.framework in Frameworks */ = {isa = PBXBuildFile; fileRef = 3438A2131AB3DE4500CE3AB6 /* CoreGraphics.framework */; };
		3438A2161AB3DE4500CE3AB6 /* UIKit.framework in Frameworks */ = {isa = PBXBuildFile; fileRef = 3438A2151AB3DE4500CE3AB6 /* UIKit.framework */; };
		3438A21C1AB3DE4500CE3AB6 /* InfoPlist.strings in Resources */ = {isa = PBXBuildFile; fileRef = 3438A21A1AB3DE4500CE3AB6 /* InfoPlist.strings */; };
		3438A21E1AB3DE4500CE3AB6 /* main.m in Sources */ = {isa = PBXBuildFile; fileRef = 3438A21D1AB3DE4500CE3AB6 /* main.m */; };
		3438A2221AB3DE4500CE3AB6 /* AppDelegate.m in Sources */ = {isa = PBXBuildFile; fileRef = 3438A2211AB3DE4500CE3AB6 /* AppDelegate.m */; };
		3438A2241AB3DE4500CE3AB6 /* Images.xcassets in Resources */ = {isa = PBXBuildFile; fileRef = 3438A2231AB3DE4500CE3AB6 /* Images.xcassets */; };
		3438A22B1AB3DE4500CE3AB6 /* XCTest.framework in Frameworks */ = {isa = PBXBuildFile; fileRef = 3438A22A1AB3DE4500CE3AB6 /* XCTest.framework */; };
		3438A22C1AB3DE4500CE3AB6 /* Foundation.framework in Frameworks */ = {isa = PBXBuildFile; fileRef = 3438A2111AB3DE4500CE3AB6 /* Foundation.framework */; };
		3438A22D1AB3DE4500CE3AB6 /* UIKit.framework in Frameworks */ = {isa = PBXBuildFile; fileRef = 3438A2151AB3DE4500CE3AB6 /* UIKit.framework */; };
		3438A2351AB3DE4500CE3AB6 /* InfoPlist.strings in Resources */ = {isa = PBXBuildFile; fileRef = 3438A2331AB3DE4500CE3AB6 /* InfoPlist.strings */; };
		3438A2371AB3DE4500CE3AB6 /* LessonDrawTests.m in Sources */ = {isa = PBXBuildFile; fileRef = 3438A2361AB3DE4500CE3AB6 /* LessonDrawTests.m */; };
		3438A2421AB3DE8500CE3AB6 /* RootViewController.m in Sources */ = {isa = PBXBuildFile; fileRef = 3438A2411AB3DE8500CE3AB6 /* RootViewController.m */; };
		3438A2451AB3DFC800CE3AB6 /* DoodleView.m in Sources */ = {isa = PBXBuildFile; fileRef = 3438A2441AB3DFC800CE3AB6 /* DoodleView.m */; };
/* End PBXBuildFile section */

/* Begin PBXContainerItemProxy section */
		3438A22E1AB3DE4500CE3AB6 /* PBXContainerItemProxy */ = {
			isa = PBXContainerItemProxy;
			containerPortal = 3438A2061AB3DE4500CE3AB6 /* Project object */;
			proxyType = 1;
			remoteGlobalIDString = 3438A20D1AB3DE4500CE3AB6;
			remoteInfo = LessonDraw;
		};
/* End PBXContainerItemProxy section */

/* Begin PBXFileReference section */
		3438A20E1AB3DE4500CE3AB6 /* LessonDraw.app */ = {isa = PBXFileReference; explicitFileType = wrapper.application; includeInIndex = 0; path = LessonDraw.app; sourceTree = BUILT_PRODUCTS_DIR; };
		3438A2111AB3DE4500CE3AB6 /* Foundation.framework */ = {isa = PBXFileReference; lastKnownFileType = wrapper.framework; name = Foundation.framework; path = System/Library/Frameworks/Foundation.framework; sourceTree = SDKROOT; };
		3438A2131AB3DE4500CE3AB6 /* CoreGraphics.framework */ = {isa = PBXFileReference; lastKnownFileType = wrapper.framework; name = CoreGraphics.framework; path = System/Library/Frameworks/CoreGraphics.framework; sourceTree = SDKROOT; };
		3438A2151AB3DE4500CE3AB6 /* UIKit.framework */ = {isa = PBXFileReference; lastKnownFileType = wrapper.framework; name = UIKit.framework; path = System/Library/Frameworks/UIKit.framework; sourceTree = SDKROOT; };
		3438A2191AB3DE4500CE3AB6 /* LessonDraw-Info.plist */ = {isa = PBXFileReference; lastKnownFileType = text.plist.xml; path = "LessonDraw-Info.plist"; sourceTree = "<group>"; };
		3438A21B1AB3DE4500CE3AB6 /* en */ = {isa = PBXFileReference; lastKnownFileType = text.plist.strings; name = en; path = en.lproj/InfoPlist.strings; sourceTree = "<group>"; };
		3438A21D1AB3DE4500CE3AB6 /* main.m */ = {isa = PBXFileReference; lastKnownFileType = sourcecode.c.objc; path = main.m; sourceTree = "<group>"; };
		3438A21F1AB3DE4500CE3AB6 /* LessonDraw-Prefix.pch */ = {isa = PBXFileReference; lastKnownFileType = sourcecode.c.h; path = "LessonDraw-Prefix.pch"; sourceTree = "<group>"; };
		3438A2201AB3DE4500CE3AB6 /* AppDelegate.h */ = {isa = PBXFileReference; lastKnownFileType = sourcecode.c.h; path = AppDelegate.h; sourceTree = "<group>"; };
		3438A2211AB3DE4500CE3AB6 /* AppDelegate.m */ = {isa = PBXFileReference; lastKnownFileType = sourcecode.c.objc; path = AppDelegate.m; sourceTree = "<group>"; };
		3438A2231AB3DE4500CE3AB6 /* Images.xcassets */ = {isa = PBXFileReference; lastKnownFileType = folder.assetcatalog; path = Images.xcassets; sourceTree = "<group>"; };
		3438A2291AB3DE4500CE3AB6 /* LessonDrawTests.xctest */ = {isa = PBXFileReference; explicitFileType = wrapper.cfbundle; includeInIndex = 0; path = LessonDrawTests.xctest; sourceTree = BUILT_PRODUCTS_DIR; };
		3438A22A1AB3DE4500CE3AB6 /* XCTest.framework */ = {isa = PBXFileReference; lastKnownFileType = wrapper.framework; name = XCTest.framework; path = Library/Frameworks/XCTest.framework; sourceTree = DEVELOPER_DIR; };
		3438A2321AB3DE4500CE3AB6 /* LessonDrawTests-Info.plist */ = {isa = PBXFileReference; lastKnownFileType = text.plist.xml; path = "LessonDrawTests-Info.plist"; sourceTree = "<group>"; };
		3438A2341AB3DE4500CE3AB6 /* en */ = {isa = PBXFileReference; lastKnownFileType = text.plist.strings; name = en; path = en.lproj/InfoPlist.strings; sourceTree = "<group>"; };
		3438A2361AB3DE4500CE3AB6 /* LessonDrawTests.m */ = {isa = PBXFileReference; lastKnownFileType = sourcecode.c.objc; path = LessonDrawTests.m; sourceTree = "<group>"; };
		3438A2401AB3DE8500CE3AB6 /* RootViewController.h */ = {isa = PBXFileReference; fileEncoding = 4; lastKnownFileType = sourcecode.c.h; path = RootViewController.h; sourceTree = "<group>"; };
		3438A2411AB3DE8500CE3AB6 /* RootViewController.m */ = {isa = PBXFileReference; fileEncoding = 4; lastKnownFileType = sourcecode.c.objc; path = RootViewController.m; sourceTree = "<group>"; };
		3438A2431AB3DFC800CE3AB6 /* DoodleView.h */ = {isa = PBXFileReference; fileEncoding = 4; lastKnownFileType = sourcecode.c.h; path = DoodleView.h; sourceTree = "<group>"; };
		3438A2441AB3DFC800CE3AB6 /* DoodleView.m */ = {isa = PBXFileReference; fileEncoding = 4; lastKnownFileType = sourcecode.c.objc; path = DoodleView.m; sourceTree = "<group>"; };
/* End PBXFileReference section */

/* Begin PBXFrameworksBuildPhase section */
		3438A20B1AB3DE4500CE3AB6 /* Frameworks */ = {
			isa = PBXFrameworksBuildPhase;
			buildActionMask = 2147483647;
			files = (
				3438A2141AB3DE4500CE3AB6 /* CoreGraphics.framework in Frameworks */,
				3438A2161AB3DE4500CE3AB6 /* UIKit.framework in Frameworks */,
				3438A2121AB3DE4500CE3AB6 /* Foundation.framework in Frameworks */,
			);
			runOnlyForDeploymentPostprocessing = 0;
		};
		3438A2261AB3DE4500CE3AB6 /* Frameworks */ = {
			isa = PBXFrameworksBuildPhase;
			buildActionMask = 2147483647;
			files = (
				3438A22B1AB3DE4500CE3AB6 /* XCTest.framework in Frameworks */,
				3438A22D1AB3DE4500CE3AB6 /* UIKit.framework in Frameworks */,
				3438A22C1AB3DE4500CE3AB6 /* Foundation.framework in Frameworks */,
			);
			runOnlyForDeploymentPostprocessing = 0;
		};
/* End PBXFrameworksBuildPhase section */

/* Begin PBXGroup section */
		3438A2051AB3DE4500CE3AB6 = {
			isa = PBXGroup;
			children = (
				3438A2171AB3DE4500CE3AB6 /* LessonDraw */,
				3438A2301AB3DE4500CE3AB6 /* LessonDrawTests */,
				3438A2101AB3DE4500CE3AB6 /* Frameworks */,
				3438A20F1AB3DE4500CE3AB6 /* Products */,
			);
			sourceTree = "<group>";
		};
		3438A20F1AB3DE4500CE3AB6 /* Products */ = {
			isa = PBXGroup;
			children = (
				3438A20E1AB3DE4500CE3AB6 /* LessonDraw.app */,
				3438A2291AB3DE4500CE3AB6 /* LessonDrawTests.xctest */,
			);
			name = Products;
			sourceTree = "<group>";
		};
		3438A2101AB3DE4500CE3AB6 /* Frameworks */ = {
			isa = PBXGroup;
			children = (
				3438A2111AB3DE4500CE3AB6 /* Foundation.framework */,
				3438A2131AB3DE4500CE3AB6 /* CoreGraphics.framework */,
				3438A2151AB3DE4500CE3AB6 /* UIKit.framework */,
				3438A22A1AB3DE4500CE3AB6 /* XCTest.framework */,
			);
			name = Frameworks;
			sourceTree = "<group>";
		};
		3438A2171AB3DE4500CE3AB6 /* LessonDraw */ = {
			isa = PBXGroup;
			children = (
				3438A2201AB3DE4500CE3AB6 /* AppDelegate.h */,
				3438A2211AB3DE4500CE3AB6 /* AppDelegate.m */,
				3438A2401AB3DE8500CE3AB6 /* RootViewController.h */,
				3438A2411AB3DE8500CE3AB6 /* RootViewController.m */,
				3438A2431AB3DFC800CE3AB6 /* DoodleView.h */,
				3438A2441AB3DFC800CE3AB6 /* DoodleView.m */,
				3438A2231AB3DE4500CE3AB6 /* Images.xcassets */,
				3438A2181AB3DE4500CE3AB6 /* Supporting Files */,
			);
			path = LessonDraw;
			sourceTree = "<group>";
		};
		3438A2181AB3DE4500CE3AB6 /* Supporting Files */ = {
			isa = PBXGroup;
			children = (
				3438A2191AB3DE4500CE3AB6 /* LessonDraw-Info.plist */,
				3438A21A1AB3DE4500CE3AB6 /* InfoPlist.strings */,
				3438A21D1AB3DE4500CE3AB6 /* main.m */,
				3438A21F1AB3DE4500CE3AB6 /* LessonDraw-Prefix.pch */,
			);
			name = "Supporting Files";
			sourceTree = "<group>";
		};
		3438A2301AB3DE4500CE3AB6 /* LessonDrawTests */ = {
			isa = PBXGroup;
			children = (
				3438A2361AB3DE4500CE3AB6 /* LessonDrawTests.m */,
				3438A2311AB3DE4500CE3AB6 /* Supporting Files */,
			);
			path = LessonDrawTests;
			sourceTree = "<group>";
		};
		3438A2311AB3DE4500CE3AB6 /* Supporting Files */ = {
			isa = PBXGroup;
			children = (
				3438A2321AB3DE4500CE3AB6 /* LessonDrawTests-Info.plist */,
				3438A2331AB3DE4500CE3AB6 /* InfoPlist.strings */,
			);
			name = "Supporting Files";
			sourceTree = "<group>";
		};
/* End PBXGroup section */

/* Begin PBXNativeTarget section */
		3438A20D1AB3DE4500CE3AB6 /* LessonDraw */ = {
			isa = PBXNativeTarget;
			buildConfigurationList = 3438A23A1AB3DE4500CE3AB6 /* Build configuration list for PBXNativeTarget "LessonDraw" */;
			buildPhases = (
				3438A20A1AB3DE4500CE3AB6 /* Sources */,
				3438A20B1AB3DE4500CE3AB6 /* Frameworks */,
				3438A20C1AB3DE4500CE3AB6 /* Resources */,
			);
			buildRules = (
			);
			dependencies = (
			);
			name = LessonDraw;
			productName = LessonDraw;
			productReference = 3438A20E1AB3DE4500CE3AB6 /* LessonDraw.app */;
			productType = "com.apple.product-type.application";
		};
		3438A2281AB3DE4500CE3AB6 /* LessonDrawTests */ = {
			isa = PBXNativeTarget;
			buildConfigurationList = 3438A23D1AB3DE4500CE3AB6 /* Build configuration list for PBXNativeTarget "LessonDrawTests" */;
			buildPhases = (
				3438A2251AB3DE4500CE3AB6 /* Sources */,
				3438A2261AB3DE4500CE3AB6 /* Frameworks */,
				3438A2271AB3DE4500CE3AB6 /* Resources */,
			);
			buildRules = (
			);
			dependencies = (
				3438A22F1AB3DE4500CE3AB6 /* PBXTargetDependency */,
			);
			name = LessonDrawTests;
			productName = LessonDrawTests;
			productReference = 3438A2291AB3DE4500CE3AB6 /* LessonDrawTests.xctest */;
			productType = "com.apple.product-type.bundle.unit-test";
		};
/* End PBXNativeTarget section */

/* Begin PBXProject section */
		3438A2061AB3DE4500CE3AB6 /* Project object */ = {
			isa = PBXProject;
			attributes = {
				LastUpgradeCheck = 0510;
				ORGANIZATIONNAME = lanouhn;
				TargetAttributes = {
					3438A2281AB3DE4500CE3AB6 = {
						TestTargetID = 3438A20D1AB3DE4500CE3AB6;
					};
				};
			};
			buildConfigurationList = 3438A2091AB3DE4500CE3AB6 /* Build configuration list for PBXProject "LessonDraw" */;
			compatibilityVersion = "Xcode 3.2";
			developmentRegion = English;
			hasScannedForEncodings = 0;
			knownRegions = (
				en,
			);
			mainGroup = 3438A2051AB3DE4500CE3AB6;
			productRefGroup = 3438A20F1AB3DE4500CE3AB6 /* Products */;
			projectDirPath = "";
			projectRoot = "";
			targets = (
				3438A20D1AB3DE4500CE3AB6 /* LessonDraw */,
				3438A2281AB3DE4500CE3AB6 /* LessonDrawTests */,
			);
		};
/* End PBXProject section */

/* Begin PBXResourcesBuildPhase section */
		3438A20C1AB3DE4500CE3AB6 /* Resources */ = {
			isa = PBXResourcesBuildPhase;
			buildActionMask = 2147483647;
			files = (
				3438A21C1AB3DE4500CE3AB6 /* InfoPlist.strings in Resources */,
				3438A2241AB3DE4500CE3AB6 /* Images.xcassets in Resources */,
			);
			runOnlyForDeploymentPostprocessing = 0;
		};
		3438A2271AB3DE4500CE3AB6 /* Resources */ = {
			isa = PBXResourcesBuildPhase;
			buildActionMask = 2147483647;
			files = (
				3438A2351AB3DE4500CE3AB6 /* InfoPlist.strings in Resources */,
			);
			runOnlyForDeploymentPostprocessing = 0;
		};
/* End PBXResourcesBuildPhase section */

/* Begin PBXSourcesBuildPhase section */
		3438A20A1AB3DE4500CE3AB6 /* Sources */ = {
			isa = PBXSourcesBuildPhase;
			buildActionMask = 2147483647;
			files = (
				3438A2221AB3DE4500CE3AB6 /* AppDelegate.m in Sources */,
				3438A2451AB3DFC800CE3AB6 /* DoodleView.m in Sources */,
				3438A21E1AB3DE4500CE3AB6 /* main.m in Sources */,
				3438A2421AB3DE8500CE3AB6 /* RootViewController.m in Sources */,
			);
			runOnlyForDeploymentPostprocessing = 0;
		};
		3438A2251AB3DE4500CE3AB6 /* Sources */ = {
			isa = PBXSourcesBuildPhase;
			buildActionMask = 2147483647;
			files = (
				3438A2371AB3DE4500CE3AB6 /* LessonDrawTests.m in Sources */,
			);
			runOnlyForDeploymentPostprocessing = 0;
		};
/* End PBXSourcesBuildPhase section */

/* Begin PBXTargetDependency section */
		3438A22F1AB3DE4500CE3AB6 /* PBXTargetDependency */ = {
			isa = PBXTargetDependency;
			target = 3438A20D1AB3DE4500CE3AB6 /* LessonDraw */;
			targetProxy = 3438A22E1AB3DE4500CE3AB6 /* PBXContainerItemProxy */;
		};
/* End PBXTargetDependency section */

/* Begin PBXVariantGroup section */
		3438A21A1AB3DE4500CE3AB6 /* InfoPlist.strings */ = {
			isa = PBXVariantGroup;
			children = (
				3438A21B1AB3DE4500CE3AB6 /* en */,
			);
			name = InfoPlist.strings;
			sourceTree = "<group>";
		};
		3438A2331AB3DE4500CE3AB6 /* InfoPlist.strings */ = {
			isa = PBXVariantGroup;
			children = (
				3438A2341AB3DE4500CE3AB6 /* en */,
			);
			name = InfoPlist.strings;
			sourceTree = "<group>";
		};
/* End PBXVariantGroup section */

/* Begin XCBuildConfiguration section */
		3438A2381AB3DE4500CE3AB6 /* Debug */ = {
			isa = XCBuildConfiguration;
			buildSettings = {
				ALWAYS_SEARCH_USER_PATHS = NO;
				CLANG_CXX_LANGUAGE_STANDARD = "gnu++0x";
				CLANG_CXX_LIBRARY = "libc++";
				CLANG_ENABLE_MODULES = YES;
				CLANG_ENABLE_OBJC_ARC = YES;
				CLANG_WARN_BOOL_CONVERSION = YES;
				CLANG_WARN_CONSTANT_CONVERSION = YES;
				CLANG_WARN_DIRECT_OBJC_ISA_USAGE = YES_ERROR;
				CLANG_WARN_EMPTY_BODY = YES;
				CLANG_WARN_ENUM_CONVERSION = YES;
				CLANG_WARN_INT_CONVERSION = YES;
				CLANG_WARN_OBJC_ROOT_CLASS = YES_ERROR;
				CLANG_WARN__DUPLICATE_METHOD_MATCH = YES;
				"CODE_SIGN_IDENTITY[sdk=iphoneos*]" = "iPhone Developer";
				COPY_PHASE_STRIP = NO;
				GCC_C_LANGUAGE_STANDARD = gnu99;
				GCC_DYNAMIC_NO_PIC = NO;
				GCC_OPTIMIZATION_LEVEL = 0;
				GCC_PREPROCESSOR_DEFINITIONS = (
					"DEBUG=1",
					"$(inherited)",
				);
				GCC_SYMBOLS_PRIVATE_EXTERN = NO;
				GCC_WARN_64_TO_32_BIT_CONVERSION = YES;
				GCC_WARN_ABOUT_RETURN_TYPE = YES_ERROR;
				GCC_WARN_UNDECLARED_SELECTOR = YES;
				GCC_WARN_UNINITIALIZED_AUTOS = YES_AGGRESSIVE;
				GCC_WARN_UNUSED_FUNCTION = YES;
				GCC_WARN_UNUSED_VARIABLE = YES;
				IPHONEOS_DEPLOYMENT_TARGET = 7.1;
				ONLY_ACTIVE_ARCH = YES;
				SDKROOT = iphoneos;
			};
			name = Debug;
		};
		3438A2391AB3DE4500CE3AB6 /* Release */ = {
			isa = XCBuildConfiguration;
			buildSettings = {
				ALWAYS_SEARCH_USER_PATHS = NO;
				CLANG_CXX_LANGUAGE_STANDARD = "gnu++0x";
				CLANG_CXX_LIBRARY = "libc++";
				CLANG_ENABLE_MODULES = YES;
				CLANG_ENABLE_OBJC_ARC = YES;
				CLANG_WARN_BOOL_CONVERSION = YES;
				CLANG_WARN_CONSTANT_CONVERSION = YES;
				CLANG_WARN_DIRECT_OBJC_ISA_USAGE = YES_ERROR;
				CLANG_WARN_EMPTY_BODY = YES;
				CLANG_WARN_ENUM_CONVERSION = YES;
				CLANG_WARN_INT_CONVERSION = YES;
				CLANG_WARN_OBJC_ROOT_CLASS = YES_ERROR;
				CLANG_WARN__DUPLICATE_METHOD_MATCH = YES;
				"CODE_SIGN_IDENTITY[sdk=iphoneos*]" = "iPhone Developer";
				COPY_PHASE_STRIP = YES;
				ENABLE_NS_ASSERTIONS = NO;
				GCC_C_LANGUAGE_STANDARD = gnu99;
				GCC_WARN_64_TO_32_BIT_CONVERSION = YES;
				GCC_WARN_ABOUT_RETURN_TYPE = YES_ERROR;
				GCC_WARN_UNDECLARED_SELECTOR = YES;
				GCC_WARN_UNINITIALIZED_AUTOS = YES_AGGRESSIVE;
				GCC_WARN_UNUSED_FUNCTION = YES;
				GCC_WARN_UNUSED_VARIABLE = YES;
				IPHONEOS_DEPLOYMENT_TARGET = 7.1;
				SDKROOT = iphoneos;
				VALIDATE_PRODUCT = YES;
			};
			name = Release;
		};
		3438A23B1AB3DE4500CE3AB6 /* Debug */ = {
			isa = XCBuildConfiguration;
			buildSettings = {
				ASSETCATALOG_COMPILER_APPICON_NAME = AppIcon;
				ASSETCATALOG_COMPILER_LAUNCHIMAGE_NAME = LaunchImage;
				CLANG_ENABLE_OBJC_ARC = NO;
				GCC_PRECOMPILE_PREFIX_HEADER = YES;
				GCC_PREFIX_HEADER = "LessonDraw/LessonDraw-Prefix.pch";
				INFOPLIST_FILE = "LessonDraw/LessonDraw-Info.plist";
				PRODUCT_NAME = "$(TARGET_NAME)";
				WRAPPER_EXTENSION = app;
			};
			name = Debug;
		};
		3438A23C1AB3DE4500CE3AB6 /* Release */ = {
			isa = XCBuildConfiguration;
			buildSettings = {
				ASSETCATALOG_COMPILER_APPICON_NAME = AppIcon;
				ASSETCATALOG_COMPILER_LAUNCHIMAGE_NAME = LaunchImage;
				CLANG_ENABLE_OBJC_ARC = NO;
				GCC_PRECOMPILE_PREFIX_HEADER = YES;
				GCC_PREFIX_HEADER = "LessonDraw/LessonDraw-Prefix.pch";
				INFOPLIST_FILE = "LessonDraw/LessonDraw-Info.plist";
				PRODUCT_NAME = "$(TARGET_NAME)";
				WRAPPER_EXTENSION = app;
			};
			name = Release;
		};
		3438A23E1AB3DE4500CE3AB6 /* Debug */ = {
			isa = XCBuildConfiguration;
			buildSettings = {
				BUNDLE_LOADER = "$(BUILT_PRODUCTS_DIR)/LessonDraw.app/LessonDraw";
				FRAMEWORK_SEARCH_PATHS = (
					"$(SDKROOT)/Developer/Library/Frameworks",
					"$(inherited)",
					"$(DEVELOPER_FRAMEWORKS_DIR)",
				);
				GCC_PRECOMPILE_PREFIX_HEADER = YES;
				GCC_PREFIX_HEADER = "LessonDraw/LessonDraw-Prefix.pch";
				GCC_PREPROCESSOR_DEFINITIONS = (
					"DEBUG=1",
					"$(inherited)",
				);
				INFOPLIST_FILE = "LessonDrawTests/LessonDrawTests-Info.plist";
				PRODUCT_NAME = "$(TARGET_NAME)";
				TEST_HOST = "$(BUNDLE_LOADER)";
				WRAPPER_EXTENSION = xctest;
			};
			name = Debug;
		};
		3438A23F1AB3DE4500CE3AB6 /* Release */ = {
			isa = XCBuildConfiguration;
			buildSettings = {
				BUNDLE_LOADER = "$(BUILT_PRODUCTS_DIR)/LessonDraw.app/LessonDraw";
				FRAMEWORK_SEARCH_PATHS = (
					"$(SDKROOT)/Developer/Library/Frameworks",
					"$(inherited)",
					"$(DEVELOPER_FRAMEWORKS_DIR)",
				);
				GCC_PRECOMPILE_PREFIX_HEADER = YES;
				GCC_PREFIX_HEADER = "LessonDraw/LessonDraw-Prefix.pch";
				INFOPLIST_FILE = "LessonDrawTests/LessonDrawTests-Info.plist";
				PRODUCT_NAME = "$(TARGET_NAME)";
				TEST_HOST = "$(BUNDLE_LOADER)";
				WRAPPER_EXTENSION = xctest;
			};
			name = Release;
		};
/* End XCBuildConfiguration section */

/* Begin XCConfigurationList section */
		3438A2091AB3DE4500CE3AB6 /* Build configuration list for PBXProject "LessonDraw" */ = {
			isa = XCConfigurationList;
			buildConfigurations = (
				3438A2381AB3DE4500CE3AB6 /* Debug */,
				3438A2391AB3DE4500CE3AB6 /* Release */,
			);
			defaultConfigurationIsVisible = 0;
			defaultConfigurationName = Release;
		};
		3438A23A1AB3DE4500CE3AB6 /* Build configuration list for PBXNativeTarget "LessonDraw" */ = {
			isa = XCConfigurationList;
			buildConfigurations = (
				3438A23B1AB3DE4500CE3AB6 /* Debug */,
				3438A23C1AB3DE4500CE3AB6 /* Release */,
			);
			defaultConfigurationIsVisible = 0;
		};
		3438A23D1AB3DE4500CE3AB6 /* Build configuration list for PBXNativeTarget "LessonDrawTests" */ = {
			isa = XCConfigurationList;
			buildConfigurations = (
				3438A23E1AB3DE4500CE3AB6 /* Debug */,
				3438A23F1AB3DE4500CE3AB6 /* Release */,
			);
			defaultConfigurationIsVisible = 0;
		};
/* End XCConfigurationList section */
	};
	rootObject = 3438A2061AB3DE4500CE3AB6 /* Project object */;
}
