// !$*UTF8*$!
{
	archiveVersion = 1;
	classes = {
	};
	objectVersion = 46;
	objects = {

/* Begin PBXBuildFile section */
		34A58B8F1AA573D100503DAC /* Foundation.framework in Frameworks */ = {isa = PBXBuildFile; fileRef = 34A58B8E1AA573D100503DAC /* Foundation.framework */; };
		34A58B911AA573D100503DAC /* CoreGraphics.framework in Frameworks */ = {isa = PBXBuildFile; fileRef = 34A58B901AA573D100503DAC /* CoreGraphics.framework */; };
		34A58B931AA573D100503DAC /* UIKit.framework in Frameworks */ = {isa = PBXBuildFile; fileRef = 34A58B921AA573D100503DAC /* UIKit.framework */; };
		34A58B991AA573D100503DAC /* InfoPlist.strings in Resources */ = {isa = PBXBuildFile; fileRef = 34A58B971AA573D100503DAC /* InfoPlist.strings */; };
		34A58B9B1AA573D100503DAC /* main.m in Sources */ = {isa = PBXBuildFile; fileRef = 34A58B9A1AA573D100503DAC /* main.m */; };
		34A58B9F1AA573D100503DAC /* AppDelegate.m in Sources */ = {isa = PBXBuildFile; fileRef = 34A58B9E1AA573D100503DAC /* AppDelegate.m */; };
		34A58BA11AA573D100503DAC /* Images.xcassets in Resources */ = {isa = PBXBuildFile; fileRef = 34A58BA01AA573D100503DAC /* Images.xcassets */; };
		34A58BA81AA573D100503DAC /* XCTest.framework in Frameworks */ = {isa = PBXBuildFile; fileRef = 34A58BA71AA573D100503DAC /* XCTest.framework */; };
		34A58BA91AA573D100503DAC /* Foundation.framework in Frameworks */ = {isa = PBXBuildFile; fileRef = 34A58B8E1AA573D100503DAC /* Foundation.framework */; };
		34A58BAA1AA573D100503DAC /* UIKit.framework in Frameworks */ = {isa = PBXBuildFile; fileRef = 34A58B921AA573D100503DAC /* UIKit.framework */; };
		34A58BB21AA573D100503DAC /* InfoPlist.strings in Resources */ = {isa = PBXBuildFile; fileRef = 34A58BB01AA573D100503DAC /* InfoPlist.strings */; };
		34A58BB41AA573D100503DAC /* CalculatorTests.m in Sources */ = {isa = PBXBuildFile; fileRef = 34A58BB31AA573D100503DAC /* CalculatorTests.m */; };
		34DDDC8A1AA59FFD0078A326 /* Default.png in Resources */ = {isa = PBXBuildFile; fileRef = 34DDDC891AA59FFD0078A326 /* Default.png */; };
/* End PBXBuildFile section */

/* Begin PBXContainerItemProxy section */
		34A58BAB1AA573D100503DAC /* PBXContainerItemProxy */ = {
			isa = PBXContainerItemProxy;
			containerPortal = 34A58B831AA573D100503DAC /* Project object */;
			proxyType = 1;
			remoteGlobalIDString = 34A58B8A1AA573D100503DAC;
			remoteInfo = Calculator;
		};
/* End PBXContainerItemProxy section */

/* Begin PBXFileReference section */
		34A58B8B1AA573D100503DAC /* Calculator.app */ = {isa = PBXFileReference; explicitFileType = wrapper.application; includeInIndex = 0; path = Calculator.app; sourceTree = BUILT_PRODUCTS_DIR; };
		34A58B8E1AA573D100503DAC /* Foundation.framework */ = {isa = PBXFileReference; lastKnownFileType = wrapper.framework; name = Foundation.framework; path = System/Library/Frameworks/Foundation.framework; sourceTree = SDKROOT; };
		34A58B901AA573D100503DAC /* CoreGraphics.framework */ = {isa = PBXFileReference; lastKnownFileType = wrapper.framework; name = CoreGraphics.framework; path = System/Library/Frameworks/CoreGraphics.framework; sourceTree = SDKROOT; };
		34A58B921AA573D100503DAC /* UIKit.framework */ = {isa = PBXFileReference; lastKnownFileType = wrapper.framework; name = UIKit.framework; path = System/Library/Frameworks/UIKit.framework; sourceTree = SDKROOT; };
		34A58B961AA573D100503DAC /* Calculator-Info.plist */ = {isa = PBXFileReference; lastKnownFileType = text.plist.xml; path = "Calculator-Info.plist"; sourceTree = "<group>"; };
		34A58B981AA573D100503DAC /* en */ = {isa = PBXFileReference; lastKnownFileType = text.plist.strings; name = en; path = en.lproj/InfoPlist.strings; sourceTree = "<group>"; };
		34A58B9A1AA573D100503DAC /* main.m */ = {isa = PBXFileReference; lastKnownFileType = sourcecode.c.objc; path = main.m; sourceTree = "<group>"; };
		34A58B9C1AA573D100503DAC /* Calculator-Prefix.pch */ = {isa = PBXFileReference; lastKnownFileType = sourcecode.c.h; path = "Calculator-Prefix.pch"; sourceTree = "<group>"; };
		34A58B9D1AA573D100503DAC /* AppDelegate.h */ = {isa = PBXFileReference; lastKnownFileType = sourcecode.c.h; path = AppDelegate.h; sourceTree = "<group>"; };
		34A58B9E1AA573D100503DAC /* AppDelegate.m */ = {isa = PBXFileReference; lastKnownFileType = sourcecode.c.objc; path = AppDelegate.m; sourceTree = "<group>"; };
		34A58BA01AA573D100503DAC /* Images.xcassets */ = {isa = PBXFileReference; lastKnownFileType = folder.assetcatalog; path = Images.xcassets; sourceTree = "<group>"; };
		34A58BA61AA573D100503DAC /* CalculatorTests.xctest */ = {isa = PBXFileReference; explicitFileType = wrapper.cfbundle; includeInIndex = 0; path = CalculatorTests.xctest; sourceTree = BUILT_PRODUCTS_DIR; };
		34A58BA71AA573D100503DAC /* XCTest.framework */ = {isa = PBXFileReference; lastKnownFileType = wrapper.framework; name = XCTest.framework; path = Library/Frameworks/XCTest.framework; sourceTree = DEVELOPER_DIR; };
		34A58BAF1AA573D100503DAC /* CalculatorTests-Info.plist */ = {isa = PBXFileReference; lastKnownFileType = text.plist.xml; path = "CalculatorTests-Info.plist"; sourceTree = "<group>"; };
		34A58BB11AA573D100503DAC /* en */ = {isa = PBXFileReference; lastKnownFileType = text.plist.strings; name = en; path = en.lproj/InfoPlist.strings; sourceTree = "<group>"; };
		34A58BB31AA573D100503DAC /* CalculatorTests.m */ = {isa = PBXFileReference; lastKnownFileType = sourcecode.c.objc; path = CalculatorTests.m; sourceTree = "<group>"; };
		34DDDC891AA59FFD0078A326 /* Default.png */ = {isa = PBXFileReference; lastKnownFileType = image.png; path = Default.png; sourceTree = "<group>"; };
/* End PBXFileReference section */

/* Begin PBXFrameworksBuildPhase section */
		34A58B881AA573D100503DAC /* Frameworks */ = {
			isa = PBXFrameworksBuildPhase;
			buildActionMask = 2147483647;
			files = (
				34A58B911AA573D100503DAC /* CoreGraphics.framework in Frameworks */,
				34A58B931AA573D100503DAC /* UIKit.framework in Frameworks */,
				34A58B8F1AA573D100503DAC /* Foundation.framework in Frameworks */,
			);
			runOnlyForDeploymentPostprocessing = 0;
		};
		34A58BA31AA573D100503DAC /* Frameworks */ = {
			isa = PBXFrameworksBuildPhase;
			buildActionMask = 2147483647;
			files = (
				34A58BA81AA573D100503DAC /* XCTest.framework in Frameworks */,
				34A58BAA1AA573D100503DAC /* UIKit.framework in Frameworks */,
				34A58BA91AA573D100503DAC /* Foundation.framework in Frameworks */,
			);
			runOnlyForDeploymentPostprocessing = 0;
		};
/* End PBXFrameworksBuildPhase section */

/* Begin PBXGroup section */
		34A58B821AA573D100503DAC = {
			isa = PBXGroup;
			children = (
				34A58B941AA573D100503DAC /* Calculator */,
				34A58BAD1AA573D100503DAC /* CalculatorTests */,
				34A58B8D1AA573D100503DAC /* Frameworks */,
				34A58B8C1AA573D100503DAC /* Products */,
			);
			sourceTree = "<group>";
		};
		34A58B8C1AA573D100503DAC /* Products */ = {
			isa = PBXGroup;
			children = (
				34A58B8B1AA573D100503DAC /* Calculator.app */,
				34A58BA61AA573D100503DAC /* CalculatorTests.xctest */,
			);
			name = Products;
			sourceTree = "<group>";
		};
		34A58B8D1AA573D100503DAC /* Frameworks */ = {
			isa = PBXGroup;
			children = (
				34A58B8E1AA573D100503DAC /* Foundation.framework */,
				34A58B901AA573D100503DAC /* CoreGraphics.framework */,
				34A58B921AA573D100503DAC /* UIKit.framework */,
				34A58BA71AA573D100503DAC /* XCTest.framework */,
			);
			name = Frameworks;
			sourceTree = "<group>";
		};
		34A58B941AA573D100503DAC /* Calculator */ = {
			isa = PBXGroup;
			children = (
				34DDDC891AA59FFD0078A326 /* Default.png */,
				34A58B9D1AA573D100503DAC /* AppDelegate.h */,
				34A58B9E1AA573D100503DAC /* AppDelegate.m */,
				34A58BA01AA573D100503DAC /* Images.xcassets */,
				34A58B951AA573D100503DAC /* Supporting Files */,
			);
			path = Calculator;
			sourceTree = "<group>";
		};
		34A58B951AA573D100503DAC /* Supporting Files */ = {
			isa = PBXGroup;
			children = (
				34A58B961AA573D100503DAC /* Calculator-Info.plist */,
				34A58B971AA573D100503DAC /* InfoPlist.strings */,
				34A58B9A1AA573D100503DAC /* main.m */,
				34A58B9C1AA573D100503DAC /* Calculator-Prefix.pch */,
			);
			name = "Supporting Files";
			sourceTree = "<group>";
		};
		34A58BAD1AA573D100503DAC /* CalculatorTests */ = {
			isa = PBXGroup;
			children = (
				34A58BB31AA573D100503DAC /* CalculatorTests.m */,
				34A58BAE1AA573D100503DAC /* Supporting Files */,
			);
			path = CalculatorTests;
			sourceTree = "<group>";
		};
		34A58BAE1AA573D100503DAC /* Supporting Files */ = {
			isa = PBXGroup;
			children = (
				34A58BAF1AA573D100503DAC /* CalculatorTests-Info.plist */,
				34A58BB01AA573D100503DAC /* InfoPlist.strings */,
			);
			name = "Supporting Files";
			sourceTree = "<group>";
		};
/* End PBXGroup section */

/* Begin PBXNativeTarget section */
		34A58B8A1AA573D100503DAC /* Calculator */ = {
			isa = PBXNativeTarget;
			buildConfigurationList = 34A58BB71AA573D100503DAC /* Build configuration list for PBXNativeTarget "Calculator" */;
			buildPhases = (
				34A58B871AA573D100503DAC /* Sources */,
				34A58B881AA573D100503DAC /* Frameworks */,
				34A58B891AA573D100503DAC /* Resources */,
			);
			buildRules = (
			);
			dependencies = (
			);
			name = Calculator;
			productName = Calculator;
			productReference = 34A58B8B1AA573D100503DAC /* Calculator.app */;
			productType = "com.apple.product-type.application";
		};
		34A58BA51AA573D100503DAC /* CalculatorTests */ = {
			isa = PBXNativeTarget;
			buildConfigurationList = 34A58BBA1AA573D100503DAC /* Build configuration list for PBXNativeTarget "CalculatorTests" */;
			buildPhases = (
				34A58BA21AA573D100503DAC /* Sources */,
				34A58BA31AA573D100503DAC /* Frameworks */,
				34A58BA41AA573D100503DAC /* Resources */,
			);
			buildRules = (
			);
			dependencies = (
				34A58BAC1AA573D100503DAC /* PBXTargetDependency */,
			);
			name = CalculatorTests;
			productName = CalculatorTests;
			productReference = 34A58BA61AA573D100503DAC /* CalculatorTests.xctest */;
			productType = "com.apple.product-type.bundle.unit-test";
		};
/* End PBXNativeTarget section */

/* Begin PBXProject section */
		34A58B831AA573D100503DAC /* Project object */ = {
			isa = PBXProject;
			attributes = {
				LastUpgradeCheck = 0510;
				ORGANIZATIONNAME = lanouhn;
				TargetAttributes = {
					34A58BA51AA573D100503DAC = {
						TestTargetID = 34A58B8A1AA573D100503DAC;
					};
				};
			};
			buildConfigurationList = 34A58B861AA573D100503DAC /* Build configuration list for PBXProject "Calculator" */;
			compatibilityVersion = "Xcode 3.2";
			developmentRegion = English;
			hasScannedForEncodings = 0;
			knownRegions = (
				en,
			);
			mainGroup = 34A58B821AA573D100503DAC;
			productRefGroup = 34A58B8C1AA573D100503DAC /* Products */;
			projectDirPath = "";
			projectRoot = "";
			targets = (
				34A58B8A1AA573D100503DAC /* Calculator */,
				34A58BA51AA573D100503DAC /* CalculatorTests */,
			);
		};
/* End PBXProject section */

/* Begin PBXResourcesBuildPhase section */
		34A58B891AA573D100503DAC /* Resources */ = {
			isa = PBXResourcesBuildPhase;
			buildActionMask = 2147483647;
			files = (
				34A58B991AA573D100503DAC /* InfoPlist.strings in Resources */,
				34DDDC8A1AA59FFD0078A326 /* Default.png in Resources */,
				34A58BA11AA573D100503DAC /* Images.xcassets in Resources */,
			);
			runOnlyForDeploymentPostprocessing = 0;
		};
		34A58BA41AA573D100503DAC /* Resources */ = {
			isa = PBXResourcesBuildPhase;
			buildActionMask = 2147483647;
			files = (
				34A58BB21AA573D100503DAC /* InfoPlist.strings in Resources */,
			);
			runOnlyForDeploymentPostprocessing = 0;
		};
/* End PBXResourcesBuildPhase section */

/* Begin PBXSourcesBuildPhase section */
		34A58B871AA573D100503DAC /* Sources */ = {
			isa = PBXSourcesBuildPhase;
			buildActionMask = 2147483647;
			files = (
				34A58B9F1AA573D100503DAC /* AppDelegate.m in Sources */,
				34A58B9B1AA573D100503DAC /* main.m in Sources */,
			);
			runOnlyForDeploymentPostprocessing = 0;
		};
		34A58BA21AA573D100503DAC /* Sources */ = {
			isa = PBXSourcesBuildPhase;
			buildActionMask = 2147483647;
			files = (
				34A58BB41AA573D100503DAC /* CalculatorTests.m in Sources */,
			);
			runOnlyForDeploymentPostprocessing = 0;
		};
/* End PBXSourcesBuildPhase section */

/* Begin PBXTargetDependency section */
		34A58BAC1AA573D100503DAC /* PBXTargetDependency */ = {
			isa = PBXTargetDependency;
			target = 34A58B8A1AA573D100503DAC /* Calculator */;
			targetProxy = 34A58BAB1AA573D100503DAC /* PBXContainerItemProxy */;
		};
/* End PBXTargetDependency section */

/* Begin PBXVariantGroup section */
		34A58B971AA573D100503DAC /* InfoPlist.strings */ = {
			isa = PBXVariantGroup;
			children = (
				34A58B981AA573D100503DAC /* en */,
			);
			name = InfoPlist.strings;
			sourceTree = "<group>";
		};
		34A58BB01AA573D100503DAC /* InfoPlist.strings */ = {
			isa = PBXVariantGroup;
			children = (
				34A58BB11AA573D100503DAC /* en */,
			);
			name = InfoPlist.strings;
			sourceTree = "<group>";
		};
/* End PBXVariantGroup section */

/* Begin XCBuildConfiguration section */
		34A58BB51AA573D100503DAC /* Debug */ = {
			isa = XCBuildConfiguration;
			buildSettings = {
				ALWAYS_SEARCH_USER_PATHS = NO;
				CLANG_CXX_LANGUAGE_STANDARD = "gnu++0x";
				CLANG_CXX_LIBRARY = "libc++";
				CLANG_ENABLE_MODULES = YES;
				CLANG_ENABLE_OBJC_ARC = YES;
				CLANG_WARN_BOOL_CONVERSION = YES;
				CLANG_WARN_CONSTANT_CONVERSION = YES;
				CLANG_WARN_DIRECT_OBJC_ISA_USAGE = YES_ERROR;
				CLANG_WARN_EMPTY_BODY = YES;
				CLANG_WARN_ENUM_CONVERSION = YES;
				CLANG_WARN_INT_CONVERSION = YES;
				CLANG_WARN_OBJC_ROOT_CLASS = YES_ERROR;
				CLANG_WARN__DUPLICATE_METHOD_MATCH = YES;
				"CODE_SIGN_IDENTITY[sdk=iphoneos*]" = "iPhone Developer";
				COPY_PHASE_STRIP = NO;
				GCC_C_LANGUAGE_STANDARD = gnu99;
				GCC_DYNAMIC_NO_PIC = NO;
				GCC_OPTIMIZATION_LEVEL = 0;
				GCC_PREPROCESSOR_DEFINITIONS = (
					"DEBUG=1",
					"$(inherited)",
				);
				GCC_SYMBOLS_PRIVATE_EXTERN = NO;
				GCC_WARN_64_TO_32_BIT_CONVERSION = YES;
				GCC_WARN_ABOUT_RETURN_TYPE = YES_ERROR;
				GCC_WARN_UNDECLARED_SELECTOR = YES;
				GCC_WARN_UNINITIALIZED_AUTOS = YES_AGGRESSIVE;
				GCC_WARN_UNUSED_FUNCTION = YES;
				GCC_WARN_UNUSED_VARIABLE = YES;
				IPHONEOS_DEPLOYMENT_TARGET = 7.1;
				ONLY_ACTIVE_ARCH = YES;
				SDKROOT = iphoneos;
			};
			name = Debug;
		};
		34A58BB61AA573D100503DAC /* Release */ = {
			isa = XCBuildConfiguration;
			buildSettings = {
				ALWAYS_SEARCH_USER_PATHS = NO;
				CLANG_CXX_LANGUAGE_STANDARD = "gnu++0x";
				CLANG_CXX_LIBRARY = "libc++";
				CLANG_ENABLE_MODULES = YES;
				CLANG_ENABLE_OBJC_ARC = YES;
				CLANG_WARN_BOOL_CONVERSION = YES;
				CLANG_WARN_CONSTANT_CONVERSION = YES;
				CLANG_WARN_DIRECT_OBJC_ISA_USAGE = YES_ERROR;
				CLANG_WARN_EMPTY_BODY = YES;
				CLANG_WARN_ENUM_CONVERSION = YES;
				CLANG_WARN_INT_CONVERSION = YES;
				CLANG_WARN_OBJC_ROOT_CLASS = YES_ERROR;
				CLANG_WARN__DUPLICATE_METHOD_MATCH = YES;
				"CODE_SIGN_IDENTITY[sdk=iphoneos*]" = "iPhone Developer";
				COPY_PHASE_STRIP = YES;
				ENABLE_NS_ASSERTIONS = NO;
				GCC_C_LANGUAGE_STANDARD = gnu99;
				GCC_WARN_64_TO_32_BIT_CONVERSION = YES;
				GCC_WARN_ABOUT_RETURN_TYPE = YES_ERROR;
				GCC_WARN_UNDECLARED_SELECTOR = YES;
				GCC_WARN_UNINITIALIZED_AUTOS = YES_AGGRESSIVE;
				GCC_WARN_UNUSED_FUNCTION = YES;
				GCC_WARN_UNUSED_VARIABLE = YES;
				IPHONEOS_DEPLOYMENT_TARGET = 7.1;
				SDKROOT = iphoneos;
				VALIDATE_PRODUCT = YES;
			};
			name = Release;
		};
		34A58BB81AA573D100503DAC /* Debug */ = {
			isa = XCBuildConfiguration;
			buildSettings = {
				ASSETCATALOG_COMPILER_APPICON_NAME = AppIcon;
				ASSETCATALOG_COMPILER_LAUNCHIMAGE_NAME = LaunchImage;
				GCC_PRECOMPILE_PREFIX_HEADER = YES;
				GCC_PREFIX_HEADER = "Calculator/Calculator-Prefix.pch";
				INFOPLIST_FILE = "Calculator/Calculator-Info.plist";
				PRODUCT_NAME = "$(TARGET_NAME)";
				WRAPPER_EXTENSION = app;
			};
			name = Debug;
		};
		34A58BB91AA573D100503DAC /* Release */ = {
			isa = XCBuildConfiguration;
			buildSettings = {
				ASSETCATALOG_COMPILER_APPICON_NAME = AppIcon;
				ASSETCATALOG_COMPILER_LAUNCHIMAGE_NAME = LaunchImage;
				GCC_PRECOMPILE_PREFIX_HEADER = YES;
				GCC_PREFIX_HEADER = "Calculator/Calculator-Prefix.pch";
				INFOPLIST_FILE = "Calculator/Calculator-Info.plist";
				PRODUCT_NAME = "$(TARGET_NAME)";
				WRAPPER_EXTENSION = app;
			};
			name = Release;
		};
		34A58BBB1AA573D100503DAC /* Debug */ = {
			isa = XCBuildConfiguration;
			buildSettings = {
				BUNDLE_LOADER = "$(BUILT_PRODUCTS_DIR)/Calculator.app/Calculator";
				FRAMEWORK_SEARCH_PATHS = (
					"$(SDKROOT)/Developer/Library/Frameworks",
					"$(inherited)",
					"$(DEVELOPER_FRAMEWORKS_DIR)",
				);
				GCC_PRECOMPILE_PREFIX_HEADER = YES;
				GCC_PREFIX_HEADER = "Calculator/Calculator-Prefix.pch";
				GCC_PREPROCESSOR_DEFINITIONS = (
					"DEBUG=1",
					"$(inherited)",
				);
				INFOPLIST_FILE = "CalculatorTests/CalculatorTests-Info.plist";
				PRODUCT_NAME = "$(TARGET_NAME)";
				TEST_HOST = "$(BUNDLE_LOADER)";
				WRAPPER_EXTENSION = xctest;
			};
			name = Debug;
		};
		34A58BBC1AA573D100503DAC /* Release */ = {
			isa = XCBuildConfiguration;
			buildSettings = {
				BUNDLE_LOADER = "$(BUILT_PRODUCTS_DIR)/Calculator.app/Calculator";
				FRAMEWORK_SEARCH_PATHS = (
					"$(SDKROOT)/Developer/Library/Frameworks",
					"$(inherited)",
					"$(DEVELOPER_FRAMEWORKS_DIR)",
				);
				GCC_PRECOMPILE_PREFIX_HEADER = YES;
				GCC_PREFIX_HEADER = "Calculator/Calculator-Prefix.pch";
				INFOPLIST_FILE = "CalculatorTests/CalculatorTests-Info.plist";
				PRODUCT_NAME = "$(TARGET_NAME)";
				TEST_HOST = "$(BUNDLE_LOADER)";
				WRAPPER_EXTENSION = xctest;
			};
			name = Release;
		};
/* End XCBuildConfiguration section */

/* Begin XCConfigurationList section */
		34A58B861AA573D100503DAC /* Build configuration list for PBXProject "Calculator" */ = {
			isa = XCConfigurationList;
			buildConfigurations = (
				34A58BB51AA573D100503DAC /* Debug */,
				34A58BB61AA573D100503DAC /* Release */,
			);
			defaultConfigurationIsVisible = 0;
			defaultConfigurationName = Release;
		};
		34A58BB71AA573D100503DAC /* Build configuration list for PBXNativeTarget "Calculator" */ = {
			isa = XCConfigurationList;
			buildConfigurations = (
				34A58BB81AA573D100503DAC /* Debug */,
				34A58BB91AA573D100503DAC /* Release */,
			);
			defaultConfigurationIsVisible = 0;
			defaultConfigurationName = Release;
		};
		34A58BBA1AA573D100503DAC /* Build configuration list for PBXNativeTarget "CalculatorTests" */ = {
			isa = XCConfigurationList;
			buildConfigurations = (
				34A58BBB1AA573D100503DAC /* Debug */,
				34A58BBC1AA573D100503DAC /* Release */,
			);
			defaultConfigurationIsVisible = 0;
			defaultConfigurationName = Release;
		};
/* End XCConfigurationList section */
	};
	rootObject = 34A58B831AA573D100503DAC /* Project object */;
}
