// !$*UTF8*$!
{
	archiveVersion = 1;
	classes = {
	};
	objectVersion = 46;
	objects = {

/* Begin PBXBuildFile section */
		3410CA931ABABB6600AA994B /* main.m in Sources */ = {isa = PBXBuildFile; fileRef = 3410CA921ABABB6600AA994B /* main.m */; };
		3410CA961ABABB6600AA994B /* AppDelegate.m in Sources */ = {isa = PBXBuildFile; fileRef = 3410CA951ABABB6600AA994B /* AppDelegate.m */; };
		3410CA981ABABB6600AA994B /* Images.xcassets in Resources */ = {isa = PBXBuildFile; fileRef = 3410CA971ABABB6600AA994B /* Images.xcassets */; };
		3410CA9B1ABABB6600AA994B /* LaunchScreen.xib in Resources */ = {isa = PBXBuildFile; fileRef = 3410CA991ABABB6600AA994B /* LaunchScreen.xib */; };
		3410CAA71ABABB6600AA994B /* LessonPackageProTests.m in Sources */ = {isa = PBXBuildFile; fileRef = 3410CAA61ABABB6600AA994B /* LessonPackageProTests.m */; };
		3410CAB51ABABE1800AA994B /* LTView.m in Sources */ = {isa = PBXBuildFile; fileRef = 3410CAB41ABABE1800AA994B /* LTView.m */; };
		3410CAB71ABABF5100AA994B /* 123.png in Resources */ = {isa = PBXBuildFile; fileRef = 3410CAB61ABABF5100AA994B /* 123.png */; };
		3410CABA1ABAC3AA00AA994B /* LoginViewPro.m in Sources */ = {isa = PBXBuildFile; fileRef = 3410CAB91ABAC3AA00AA994B /* LoginViewPro.m */; };
		3410CABD1ABAEE7200AA994B /* RegisterView.m in Sources */ = {isa = PBXBuildFile; fileRef = 3410CABC1ABAEE7200AA994B /* RegisterView.m */; };
		3410CAC01ABB12DE00AA994B /* SerchView.m in Sources */ = {isa = PBXBuildFile; fileRef = 3410CABF1ABB12DE00AA994B /* SerchView.m */; };
/* End PBXBuildFile section */

/* Begin PBXContainerItemProxy section */
		3410CAA11ABABB6600AA994B /* PBXContainerItemProxy */ = {
			isa = PBXContainerItemProxy;
			containerPortal = 3410CA851ABABB6600AA994B /* Project object */;
			proxyType = 1;
			remoteGlobalIDString = 3410CA8C1ABABB6600AA994B;
			remoteInfo = LessonPackagePro;
		};
/* End PBXContainerItemProxy section */

/* Begin PBXFileReference section */
		3410CA8D1ABABB6600AA994B /* LessonPackagePro.app */ = {isa = PBXFileReference; explicitFileType = wrapper.application; includeInIndex = 0; path = LessonPackagePro.app; sourceTree = BUILT_PRODUCTS_DIR; };
		3410CA911ABABB6600AA994B /* Info.plist */ = {isa = PBXFileReference; lastKnownFileType = text.plist.xml; path = Info.plist; sourceTree = "<group>"; };
		3410CA921ABABB6600AA994B /* main.m */ = {isa = PBXFileReference; lastKnownFileType = sourcecode.c.objc; path = main.m; sourceTree = "<group>"; };
		3410CA941ABABB6600AA994B /* AppDelegate.h */ = {isa = PBXFileReference; lastKnownFileType = sourcecode.c.h; path = AppDelegate.h; sourceTree = "<group>"; };
		3410CA951ABABB6600AA994B /* AppDelegate.m */ = {isa = PBXFileReference; lastKnownFileType = sourcecode.c.objc; path = AppDelegate.m; sourceTree = "<group>"; };
		3410CA971ABABB6600AA994B /* Images.xcassets */ = {isa = PBXFileReference; lastKnownFileType = folder.assetcatalog; path = Images.xcassets; sourceTree = "<group>"; };
		3410CA9A1ABABB6600AA994B /* Base */ = {isa = PBXFileReference; lastKnownFileType = file.xib; name = Base; path = Base.lproj/LaunchScreen.xib; sourceTree = "<group>"; };
		3410CAA01ABABB6600AA994B /* LessonPackageProTests.xctest */ = {isa = PBXFileReference; explicitFileType = wrapper.cfbundle; includeInIndex = 0; path = LessonPackageProTests.xctest; sourceTree = BUILT_PRODUCTS_DIR; };
		3410CAA51ABABB6600AA994B /* Info.plist */ = {isa = PBXFileReference; lastKnownFileType = text.plist.xml; path = Info.plist; sourceTree = "<group>"; };
		3410CAA61ABABB6600AA994B /* LessonPackageProTests.m */ = {isa = PBXFileReference; lastKnownFileType = sourcecode.c.objc; path = LessonPackageProTests.m; sourceTree = "<group>"; };
		3410CAB31ABABE1800AA994B /* LTView.h */ = {isa = PBXFileReference; fileEncoding = 4; lastKnownFileType = sourcecode.c.h; path = LTView.h; sourceTree = "<group>"; };
		3410CAB41ABABE1800AA994B /* LTView.m */ = {isa = PBXFileReference; fileEncoding = 4; lastKnownFileType = sourcecode.c.objc; path = LTView.m; sourceTree = "<group>"; };
		3410CAB61ABABF5100AA994B /* 123.png */ = {isa = PBXFileReference; lastKnownFileType = image.png; path = 123.png; sourceTree = "<group>"; };
		3410CAB81ABAC3AA00AA994B /* LoginViewPro.h */ = {isa = PBXFileReference; fileEncoding = 4; lastKnownFileType = sourcecode.c.h; path = LoginViewPro.h; sourceTree = "<group>"; };
		3410CAB91ABAC3AA00AA994B /* LoginViewPro.m */ = {isa = PBXFileReference; fileEncoding = 4; lastKnownFileType = sourcecode.c.objc; path = LoginViewPro.m; sourceTree = "<group>"; };
		3410CABB1ABAEE7200AA994B /* RegisterView.h */ = {isa = PBXFileReference; fileEncoding = 4; lastKnownFileType = sourcecode.c.h; path = RegisterView.h; sourceTree = "<group>"; };
		3410CABC1ABAEE7200AA994B /* RegisterView.m */ = {isa = PBXFileReference; fileEncoding = 4; lastKnownFileType = sourcecode.c.objc; path = RegisterView.m; sourceTree = "<group>"; };
		3410CABE1ABB12DE00AA994B /* SerchView.h */ = {isa = PBXFileReference; fileEncoding = 4; lastKnownFileType = sourcecode.c.h; path = SerchView.h; sourceTree = "<group>"; };
		3410CABF1ABB12DE00AA994B /* SerchView.m */ = {isa = PBXFileReference; fileEncoding = 4; lastKnownFileType = sourcecode.c.objc; path = SerchView.m; sourceTree = "<group>"; };
/* End PBXFileReference section */

/* Begin PBXFrameworksBuildPhase section */
		3410CA8A1ABABB6600AA994B /* Frameworks */ = {
			isa = PBXFrameworksBuildPhase;
			buildActionMask = 2147483647;
			files = (
			);
			runOnlyForDeploymentPostprocessing = 0;
		};
		3410CA9D1ABABB6600AA994B /* Frameworks */ = {
			isa = PBXFrameworksBuildPhase;
			buildActionMask = 2147483647;
			files = (
			);
			runOnlyForDeploymentPostprocessing = 0;
		};
/* End PBXFrameworksBuildPhase section */

/* Begin PBXGroup section */
		3410CA841ABABB6600AA994B = {
			isa = PBXGroup;
			children = (
				3410CA8F1ABABB6600AA994B /* LessonPackagePro */,
				3410CAA31ABABB6600AA994B /* LessonPackageProTests */,
				3410CA8E1ABABB6600AA994B /* Products */,
			);
			sourceTree = "<group>";
		};
		3410CA8E1ABABB6600AA994B /* Products */ = {
			isa = PBXGroup;
			children = (
				3410CA8D1ABABB6600AA994B /* LessonPackagePro.app */,
				3410CAA01ABABB6600AA994B /* LessonPackageProTests.xctest */,
			);
			name = Products;
			sourceTree = "<group>";
		};
		3410CA8F1ABABB6600AA994B /* LessonPackagePro */ = {
			isa = PBXGroup;
			children = (
				3410CA941ABABB6600AA994B /* AppDelegate.h */,
				3410CA951ABABB6600AA994B /* AppDelegate.m */,
				3410CAB81ABAC3AA00AA994B /* LoginViewPro.h */,
				3410CAB91ABAC3AA00AA994B /* LoginViewPro.m */,
				3410CABB1ABAEE7200AA994B /* RegisterView.h */,
				3410CABC1ABAEE7200AA994B /* RegisterView.m */,
				3410CABE1ABB12DE00AA994B /* SerchView.h */,
				3410CABF1ABB12DE00AA994B /* SerchView.m */,
				3410CAB31ABABE1800AA994B /* LTView.h */,
				3410CAB41ABABE1800AA994B /* LTView.m */,
				3410CAB61ABABF5100AA994B /* 123.png */,
				3410CA971ABABB6600AA994B /* Images.xcassets */,
				3410CA991ABABB6600AA994B /* LaunchScreen.xib */,
				3410CA901ABABB6600AA994B /* Supporting Files */,
			);
			path = LessonPackagePro;
			sourceTree = "<group>";
		};
		3410CA901ABABB6600AA994B /* Supporting Files */ = {
			isa = PBXGroup;
			children = (
				3410CA911ABABB6600AA994B /* Info.plist */,
				3410CA921ABABB6600AA994B /* main.m */,
			);
			name = "Supporting Files";
			sourceTree = "<group>";
		};
		3410CAA31ABABB6600AA994B /* LessonPackageProTests */ = {
			isa = PBXGroup;
			children = (
				3410CAA61ABABB6600AA994B /* LessonPackageProTests.m */,
				3410CAA41ABABB6600AA994B /* Supporting Files */,
			);
			path = LessonPackageProTests;
			sourceTree = "<group>";
		};
		3410CAA41ABABB6600AA994B /* Supporting Files */ = {
			isa = PBXGroup;
			children = (
				3410CAA51ABABB6600AA994B /* Info.plist */,
			);
			name = "Supporting Files";
			sourceTree = "<group>";
		};
/* End PBXGroup section */

/* Begin PBXNativeTarget section */
		3410CA8C1ABABB6600AA994B /* LessonPackagePro */ = {
			isa = PBXNativeTarget;
			buildConfigurationList = 3410CAAA1ABABB6600AA994B /* Build configuration list for PBXNativeTarget "LessonPackagePro" */;
			buildPhases = (
				3410CA891ABABB6600AA994B /* Sources */,
				3410CA8A1ABABB6600AA994B /* Frameworks */,
				3410CA8B1ABABB6600AA994B /* Resources */,
			);
			buildRules = (
			);
			dependencies = (
			);
			name = LessonPackagePro;
			productName = LessonPackagePro;
			productReference = 3410CA8D1ABABB6600AA994B /* LessonPackagePro.app */;
			productType = "com.apple.product-type.application";
		};
		3410CA9F1ABABB6600AA994B /* LessonPackageProTests */ = {
			isa = PBXNativeTarget;
			buildConfigurationList = 3410CAAD1ABABB6600AA994B /* Build configuration list for PBXNativeTarget "LessonPackageProTests" */;
			buildPhases = (
				3410CA9C1ABABB6600AA994B /* Sources */,
				3410CA9D1ABABB6600AA994B /* Frameworks */,
				3410CA9E1ABABB6600AA994B /* Resources */,
			);
			buildRules = (
			);
			dependencies = (
				3410CAA21ABABB6600AA994B /* PBXTargetDependency */,
			);
			name = LessonPackageProTests;
			productName = LessonPackageProTests;
			productReference = 3410CAA01ABABB6600AA994B /* LessonPackageProTests.xctest */;
			productType = "com.apple.product-type.bundle.unit-test";
		};
/* End PBXNativeTarget section */

/* Begin PBXProject section */
		3410CA851ABABB6600AA994B /* Project object */ = {
			isa = PBXProject;
			attributes = {
				LastUpgradeCheck = 0610;
				ORGANIZATIONNAME = lanouhn;
				TargetAttributes = {
					3410CA8C1ABABB6600AA994B = {
						CreatedOnToolsVersion = 6.1;
					};
					3410CA9F1ABABB6600AA994B = {
						CreatedOnToolsVersion = 6.1;
						TestTargetID = 3410CA8C1ABABB6600AA994B;
					};
				};
			};
			buildConfigurationList = 3410CA881ABABB6600AA994B /* Build configuration list for PBXProject "LessonPackagePro" */;
			compatibilityVersion = "Xcode 3.2";
			developmentRegion = English;
			hasScannedForEncodings = 0;
			knownRegions = (
				en,
				Base,
			);
			mainGroup = 3410CA841ABABB6600AA994B;
			productRefGroup = 3410CA8E1ABABB6600AA994B /* Products */;
			projectDirPath = "";
			projectRoot = "";
			targets = (
				3410CA8C1ABABB6600AA994B /* LessonPackagePro */,
				3410CA9F1ABABB6600AA994B /* LessonPackageProTests */,
			);
		};
/* End PBXProject section */

/* Begin PBXResourcesBuildPhase section */
		3410CA8B1ABABB6600AA994B /* Resources */ = {
			isa = PBXResourcesBuildPhase;
			buildActionMask = 2147483647;
			files = (
				3410CA9B1ABABB6600AA994B /* LaunchScreen.xib in Resources */,
				3410CAB71ABABF5100AA994B /* 123.png in Resources */,
				3410CA981ABABB6600AA994B /* Images.xcassets in Resources */,
			);
			runOnlyForDeploymentPostprocessing = 0;
		};
		3410CA9E1ABABB6600AA994B /* Resources */ = {
			isa = PBXResourcesBuildPhase;
			buildActionMask = 2147483647;
			files = (
			);
			runOnlyForDeploymentPostprocessing = 0;
		};
/* End PBXResourcesBuildPhase section */

/* Begin PBXSourcesBuildPhase section */
		3410CA891ABABB6600AA994B /* Sources */ = {
			isa = PBXSourcesBuildPhase;
			buildActionMask = 2147483647;
			files = (
				3410CAC01ABB12DE00AA994B /* SerchView.m in Sources */,
				3410CA961ABABB6600AA994B /* AppDelegate.m in Sources */,
				3410CAB51ABABE1800AA994B /* LTView.m in Sources */,
				3410CA931ABABB6600AA994B /* main.m in Sources */,
				3410CABA1ABAC3AA00AA994B /* LoginViewPro.m in Sources */,
				3410CABD1ABAEE7200AA994B /* RegisterView.m in Sources */,
			);
			runOnlyForDeploymentPostprocessing = 0;
		};
		3410CA9C1ABABB6600AA994B /* Sources */ = {
			isa = PBXSourcesBuildPhase;
			buildActionMask = 2147483647;
			files = (
				3410CAA71ABABB6600AA994B /* LessonPackageProTests.m in Sources */,
			);
			runOnlyForDeploymentPostprocessing = 0;
		};
/* End PBXSourcesBuildPhase section */

/* Begin PBXTargetDependency section */
		3410CAA21ABABB6600AA994B /* PBXTargetDependency */ = {
			isa = PBXTargetDependency;
			target = 3410CA8C1ABABB6600AA994B /* LessonPackagePro */;
			targetProxy = 3410CAA11ABABB6600AA994B /* PBXContainerItemProxy */;
		};
/* End PBXTargetDependency section */

/* Begin PBXVariantGroup section */
		3410CA991ABABB6600AA994B /* LaunchScreen.xib */ = {
			isa = PBXVariantGroup;
			children = (
				3410CA9A1ABABB6600AA994B /* Base */,
			);
			name = LaunchScreen.xib;
			sourceTree = "<group>";
		};
/* End PBXVariantGroup section */

/* Begin XCBuildConfiguration section */
		3410CAA81ABABB6600AA994B /* Debug */ = {
			isa = XCBuildConfiguration;
			buildSettings = {
				ALWAYS_SEARCH_USER_PATHS = NO;
				CLANG_CXX_LANGUAGE_STANDARD = "gnu++0x";
				CLANG_CXX_LIBRARY = "libc++";
				CLANG_ENABLE_MODULES = YES;
				CLANG_ENABLE_OBJC_ARC = YES;
				CLANG_WARN_BOOL_CONVERSION = YES;
				CLANG_WARN_CONSTANT_CONVERSION = YES;
				CLANG_WARN_DIRECT_OBJC_ISA_USAGE = YES_ERROR;
				CLANG_WARN_EMPTY_BODY = YES;
				CLANG_WARN_ENUM_CONVERSION = YES;
				CLANG_WARN_INT_CONVERSION = YES;
				CLANG_WARN_OBJC_ROOT_CLASS = YES_ERROR;
				CLANG_WARN_UNREACHABLE_CODE = YES;
				CLANG_WARN__DUPLICATE_METHOD_MATCH = YES;
				"CODE_SIGN_IDENTITY[sdk=iphoneos*]" = "iPhone Developer";
				COPY_PHASE_STRIP = NO;
				ENABLE_STRICT_OBJC_MSGSEND = YES;
				GCC_C_LANGUAGE_STANDARD = gnu99;
				GCC_DYNAMIC_NO_PIC = NO;
				GCC_OPTIMIZATION_LEVEL = 0;
				GCC_PREPROCESSOR_DEFINITIONS = (
					"DEBUG=1",
					"$(inherited)",
				);
				GCC_SYMBOLS_PRIVATE_EXTERN = NO;
				GCC_WARN_64_TO_32_BIT_CONVERSION = YES;
				GCC_WARN_ABOUT_RETURN_TYPE = YES_ERROR;
				GCC_WARN_UNDECLARED_SELECTOR = YES;
				GCC_WARN_UNINITIALIZED_AUTOS = YES_AGGRESSIVE;
				GCC_WARN_UNUSED_FUNCTION = YES;
				GCC_WARN_UNUSED_VARIABLE = YES;
				IPHONEOS_DEPLOYMENT_TARGET = 8.1;
				MTL_ENABLE_DEBUG_INFO = YES;
				ONLY_ACTIVE_ARCH = YES;
				SDKROOT = iphoneos;
			};
			name = Debug;
		};
		3410CAA91ABABB6600AA994B /* Release */ = {
			isa = XCBuildConfiguration;
			buildSettings = {
				ALWAYS_SEARCH_USER_PATHS = NO;
				CLANG_CXX_LANGUAGE_STANDARD = "gnu++0x";
				CLANG_CXX_LIBRARY = "libc++";
				CLANG_ENABLE_MODULES = YES;
				CLANG_ENABLE_OBJC_ARC = YES;
				CLANG_WARN_BOOL_CONVERSION = YES;
				CLANG_WARN_CONSTANT_CONVERSION = YES;
				CLANG_WARN_DIRECT_OBJC_ISA_USAGE = YES_ERROR;
				CLANG_WARN_EMPTY_BODY = YES;
				CLANG_WARN_ENUM_CONVERSION = YES;
				CLANG_WARN_INT_CONVERSION = YES;
				CLANG_WARN_OBJC_ROOT_CLASS = YES_ERROR;
				CLANG_WARN_UNREACHABLE_CODE = YES;
				CLANG_WARN__DUPLICATE_METHOD_MATCH = YES;
				"CODE_SIGN_IDENTITY[sdk=iphoneos*]" = "iPhone Developer";
				COPY_PHASE_STRIP = YES;
				ENABLE_NS_ASSERTIONS = NO;
				ENABLE_STRICT_OBJC_MSGSEND = YES;
				GCC_C_LANGUAGE_STANDARD = gnu99;
				GCC_WARN_64_TO_32_BIT_CONVERSION = YES;
				GCC_WARN_ABOUT_RETURN_TYPE = YES_ERROR;
				GCC_WARN_UNDECLARED_SELECTOR = YES;
				GCC_WARN_UNINITIALIZED_AUTOS = YES_AGGRESSIVE;
				GCC_WARN_UNUSED_FUNCTION = YES;
				GCC_WARN_UNUSED_VARIABLE = YES;
				IPHONEOS_DEPLOYMENT_TARGET = 8.1;
				MTL_ENABLE_DEBUG_INFO = NO;
				SDKROOT = iphoneos;
				VALIDATE_PRODUCT = YES;
			};
			name = Release;
		};
		3410CAAB1ABABB6600AA994B /* Debug */ = {
			isa = XCBuildConfiguration;
			buildSettings = {
				ASSETCATALOG_COMPILER_APPICON_NAME = AppIcon;
				CLANG_ENABLE_OBJC_ARC = NO;
				INFOPLIST_FILE = LessonPackagePro/Info.plist;
				LD_RUNPATH_SEARCH_PATHS = "$(inherited) @executable_path/Frameworks";
				PRODUCT_NAME = "$(TARGET_NAME)";
			};
			name = Debug;
		};
		3410CAAC1ABABB6600AA994B /* Release */ = {
			isa = XCBuildConfiguration;
			buildSettings = {
				ASSETCATALOG_COMPILER_APPICON_NAME = AppIcon;
				CLANG_ENABLE_OBJC_ARC = NO;
				INFOPLIST_FILE = LessonPackagePro/Info.plist;
				LD_RUNPATH_SEARCH_PATHS = "$(inherited) @executable_path/Frameworks";
				PRODUCT_NAME = "$(TARGET_NAME)";
			};
			name = Release;
		};
		3410CAAE1ABABB6600AA994B /* Debug */ = {
			isa = XCBuildConfiguration;
			buildSettings = {
				BUNDLE_LOADER = "$(TEST_HOST)";
				FRAMEWORK_SEARCH_PATHS = (
					"$(SDKROOT)/Developer/Library/Frameworks",
					"$(inherited)",
				);
				GCC_PREPROCESSOR_DEFINITIONS = (
					"DEBUG=1",
					"$(inherited)",
				);
				INFOPLIST_FILE = LessonPackageProTests/Info.plist;
				LD_RUNPATH_SEARCH_PATHS = "$(inherited) @executable_path/Frameworks @loader_path/Frameworks";
				PRODUCT_NAME = "$(TARGET_NAME)";
				TEST_HOST = "$(BUILT_PRODUCTS_DIR)/LessonPackagePro.app/LessonPackagePro";
			};
			name = Debug;
		};
		3410CAAF1ABABB6600AA994B /* Release */ = {
			isa = XCBuildConfiguration;
			buildSettings = {
				BUNDLE_LOADER = "$(TEST_HOST)";
				FRAMEWORK_SEARCH_PATHS = (
					"$(SDKROOT)/Developer/Library/Frameworks",
					"$(inherited)",
				);
				INFOPLIST_FILE = LessonPackageProTests/Info.plist;
				LD_RUNPATH_SEARCH_PATHS = "$(inherited) @executable_path/Frameworks @loader_path/Frameworks";
				PRODUCT_NAME = "$(TARGET_NAME)";
				TEST_HOST = "$(BUILT_PRODUCTS_DIR)/LessonPackagePro.app/LessonPackagePro";
			};
			name = Release;
		};
/* End XCBuildConfiguration section */

/* Begin XCConfigurationList section */
		3410CA881ABABB6600AA994B /* Build configuration list for PBXProject "LessonPackagePro" */ = {
			isa = XCConfigurationList;
			buildConfigurations = (
				3410CAA81ABABB6600AA994B /* Debug */,
				3410CAA91ABABB6600AA994B /* Release */,
			);
			defaultConfigurationIsVisible = 0;
			defaultConfigurationName = Release;
		};
		3410CAAA1ABABB6600AA994B /* Build configuration list for PBXNativeTarget "LessonPackagePro" */ = {
			isa = XCConfigurationList;
			buildConfigurations = (
				3410CAAB1ABABB6600AA994B /* Debug */,
				3410CAAC1ABABB6600AA994B /* Release */,
			);
			defaultConfigurationIsVisible = 0;
			defaultConfigurationName = Release;
		};
		3410CAAD1ABABB6600AA994B /* Build configuration list for PBXNativeTarget "LessonPackageProTests" */ = {
			isa = XCConfigurationList;
			buildConfigurations = (
				3410CAAE1ABABB6600AA994B /* Debug */,
				3410CAAF1ABABB6600AA994B /* Release */,
			);
			defaultConfigurationIsVisible = 0;
			defaultConfigurationName = Release;
		};
/* End XCConfigurationList section */
	};
	rootObject = 3410CA851ABABB6600AA994B /* Project object */;
}
