// !$*UTF8*$!
{
	archiveVersion = 1;
	classes = {
	};
	objectVersion = 46;
	objects = {

/* Begin PBXBuildFile section */
		343E12E01AB97C0F001AA7F8 /* main.m in Sources */ = {isa = PBXBuildFile; fileRef = 343E12DF1AB97C0F001AA7F8 /* main.m */; };
		343E12E31AB97C0F001AA7F8 /* AppDelegate.m in Sources */ = {isa = PBXBuildFile; fileRef = 343E12E21AB97C0F001AA7F8 /* AppDelegate.m */; };
		343E12E51AB97C0F001AA7F8 /* Images.xcassets in Resources */ = {isa = PBXBuildFile; fileRef = 343E12E41AB97C0F001AA7F8 /* Images.xcassets */; };
		343E12E81AB97C0F001AA7F8 /* LaunchScreen.xib in Resources */ = {isa = PBXBuildFile; fileRef = 343E12E61AB97C0F001AA7F8 /* LaunchScreen.xib */; };
		343E12F41AB97C0F001AA7F8 /* PracticeTests.m in Sources */ = {isa = PBXBuildFile; fileRef = 343E12F31AB97C0F001AA7F8 /* PracticeTests.m */; };
/* End PBXBuildFile section */

/* Begin PBXContainerItemProxy section */
		343E12EE1AB97C0F001AA7F8 /* PBXContainerItemProxy */ = {
			isa = PBXContainerItemProxy;
			containerPortal = 343E12D21AB97C0F001AA7F8 /* Project object */;
			proxyType = 1;
			remoteGlobalIDString = 343E12D91AB97C0F001AA7F8;
			remoteInfo = Practice;
		};
/* End PBXContainerItemProxy section */

/* Begin PBXFileReference section */
		343E12DA1AB97C0F001AA7F8 /* Practice.app */ = {isa = PBXFileReference; explicitFileType = wrapper.application; includeInIndex = 0; path = Practice.app; sourceTree = BUILT_PRODUCTS_DIR; };
		343E12DE1AB97C0F001AA7F8 /* Info.plist */ = {isa = PBXFileReference; lastKnownFileType = text.plist.xml; path = Info.plist; sourceTree = "<group>"; };
		343E12DF1AB97C0F001AA7F8 /* main.m */ = {isa = PBXFileReference; lastKnownFileType = sourcecode.c.objc; path = main.m; sourceTree = "<group>"; };
		343E12E11AB97C0F001AA7F8 /* AppDelegate.h */ = {isa = PBXFileReference; lastKnownFileType = sourcecode.c.h; path = AppDelegate.h; sourceTree = "<group>"; };
		343E12E21AB97C0F001AA7F8 /* AppDelegate.m */ = {isa = PBXFileReference; lastKnownFileType = sourcecode.c.objc; path = AppDelegate.m; sourceTree = "<group>"; };
		343E12E41AB97C0F001AA7F8 /* Images.xcassets */ = {isa = PBXFileReference; lastKnownFileType = folder.assetcatalog; path = Images.xcassets; sourceTree = "<group>"; };
		343E12E71AB97C0F001AA7F8 /* Base */ = {isa = PBXFileReference; lastKnownFileType = file.xib; name = Base; path = Base.lproj/LaunchScreen.xib; sourceTree = "<group>"; };
		343E12ED1AB97C0F001AA7F8 /* PracticeTests.xctest */ = {isa = PBXFileReference; explicitFileType = wrapper.cfbundle; includeInIndex = 0; path = PracticeTests.xctest; sourceTree = BUILT_PRODUCTS_DIR; };
		343E12F21AB97C0F001AA7F8 /* Info.plist */ = {isa = PBXFileReference; lastKnownFileType = text.plist.xml; path = Info.plist; sourceTree = "<group>"; };
		343E12F31AB97C0F001AA7F8 /* PracticeTests.m */ = {isa = PBXFileReference; lastKnownFileType = sourcecode.c.objc; path = PracticeTests.m; sourceTree = "<group>"; };
/* End PBXFileReference section */

/* Begin PBXFrameworksBuildPhase section */
		343E12D71AB97C0F001AA7F8 /* Frameworks */ = {
			isa = PBXFrameworksBuildPhase;
			buildActionMask = 2147483647;
			files = (
			);
			runOnlyForDeploymentPostprocessing = 0;
		};
		343E12EA1AB97C0F001AA7F8 /* Frameworks */ = {
			isa = PBXFrameworksBuildPhase;
			buildActionMask = 2147483647;
			files = (
			);
			runOnlyForDeploymentPostprocessing = 0;
		};
/* End PBXFrameworksBuildPhase section */

/* Begin PBXGroup section */
		343E12D11AB97C0F001AA7F8 = {
			isa = PBXGroup;
			children = (
				343E12DC1AB97C0F001AA7F8 /* Practice */,
				343E12F01AB97C0F001AA7F8 /* PracticeTests */,
				343E12DB1AB97C0F001AA7F8 /* Products */,
			);
			sourceTree = "<group>";
		};
		343E12DB1AB97C0F001AA7F8 /* Products */ = {
			isa = PBXGroup;
			children = (
				343E12DA1AB97C0F001AA7F8 /* Practice.app */,
				343E12ED1AB97C0F001AA7F8 /* PracticeTests.xctest */,
			);
			name = Products;
			sourceTree = "<group>";
		};
		343E12DC1AB97C0F001AA7F8 /* Practice */ = {
			isa = PBXGroup;
			children = (
				343E12E11AB97C0F001AA7F8 /* AppDelegate.h */,
				343E12E21AB97C0F001AA7F8 /* AppDelegate.m */,
				343E12E41AB97C0F001AA7F8 /* Images.xcassets */,
				343E12E61AB97C0F001AA7F8 /* LaunchScreen.xib */,
				343E12DD1AB97C0F001AA7F8 /* Supporting Files */,
			);
			path = Practice;
			sourceTree = "<group>";
		};
		343E12DD1AB97C0F001AA7F8 /* Supporting Files */ = {
			isa = PBXGroup;
			children = (
				343E12DE1AB97C0F001AA7F8 /* Info.plist */,
				343E12DF1AB97C0F001AA7F8 /* main.m */,
			);
			name = "Supporting Files";
			sourceTree = "<group>";
		};
		343E12F01AB97C0F001AA7F8 /* PracticeTests */ = {
			isa = PBXGroup;
			children = (
				343E12F31AB97C0F001AA7F8 /* PracticeTests.m */,
				343E12F11AB97C0F001AA7F8 /* Supporting Files */,
			);
			path = PracticeTests;
			sourceTree = "<group>";
		};
		343E12F11AB97C0F001AA7F8 /* Supporting Files */ = {
			isa = PBXGroup;
			children = (
				343E12F21AB97C0F001AA7F8 /* Info.plist */,
			);
			name = "Supporting Files";
			sourceTree = "<group>";
		};
/* End PBXGroup section */

/* Begin PBXNativeTarget section */
		343E12D91AB97C0F001AA7F8 /* Practice */ = {
			isa = PBXNativeTarget;
			buildConfigurationList = 343E12F71AB97C0F001AA7F8 /* Build configuration list for PBXNativeTarget "Practice" */;
			buildPhases = (
				343E12D61AB97C0F001AA7F8 /* Sources */,
				343E12D71AB97C0F001AA7F8 /* Frameworks */,
				343E12D81AB97C0F001AA7F8 /* Resources */,
			);
			buildRules = (
			);
			dependencies = (
			);
			name = Practice;
			productName = Practice;
			productReference = 343E12DA1AB97C0F001AA7F8 /* Practice.app */;
			productType = "com.apple.product-type.application";
		};
		343E12EC1AB97C0F001AA7F8 /* PracticeTests */ = {
			isa = PBXNativeTarget;
			buildConfigurationList = 343E12FA1AB97C0F001AA7F8 /* Build configuration list for PBXNativeTarget "PracticeTests" */;
			buildPhases = (
				343E12E91AB97C0F001AA7F8 /* Sources */,
				343E12EA1AB97C0F001AA7F8 /* Frameworks */,
				343E12EB1AB97C0F001AA7F8 /* Resources */,
			);
			buildRules = (
			);
			dependencies = (
				343E12EF1AB97C0F001AA7F8 /* PBXTargetDependency */,
			);
			name = PracticeTests;
			productName = PracticeTests;
			productReference = 343E12ED1AB97C0F001AA7F8 /* PracticeTests.xctest */;
			productType = "com.apple.product-type.bundle.unit-test";
		};
/* End PBXNativeTarget section */

/* Begin PBXProject section */
		343E12D21AB97C0F001AA7F8 /* Project object */ = {
			isa = PBXProject;
			attributes = {
				LastUpgradeCheck = 0610;
				ORGANIZATIONNAME = lanouhn;
				TargetAttributes = {
					343E12D91AB97C0F001AA7F8 = {
						CreatedOnToolsVersion = 6.1;
					};
					343E12EC1AB97C0F001AA7F8 = {
						CreatedOnToolsVersion = 6.1;
						TestTargetID = 343E12D91AB97C0F001AA7F8;
					};
				};
			};
			buildConfigurationList = 343E12D51AB97C0F001AA7F8 /* Build configuration list for PBXProject "Practice" */;
			compatibilityVersion = "Xcode 3.2";
			developmentRegion = English;
			hasScannedForEncodings = 0;
			knownRegions = (
				en,
				Base,
			);
			mainGroup = 343E12D11AB97C0F001AA7F8;
			productRefGroup = 343E12DB1AB97C0F001AA7F8 /* Products */;
			projectDirPath = "";
			projectRoot = "";
			targets = (
				343E12D91AB97C0F001AA7F8 /* Practice */,
				343E12EC1AB97C0F001AA7F8 /* PracticeTests */,
			);
		};
/* End PBXProject section */

/* Begin PBXResourcesBuildPhase section */
		343E12D81AB97C0F001AA7F8 /* Resources */ = {
			isa = PBXResourcesBuildPhase;
			buildActionMask = 2147483647;
			files = (
				343E12E81AB97C0F001AA7F8 /* LaunchScreen.xib in Resources */,
				343E12E51AB97C0F001AA7F8 /* Images.xcassets in Resources */,
			);
			runOnlyForDeploymentPostprocessing = 0;
		};
		343E12EB1AB97C0F001AA7F8 /* Resources */ = {
			isa = PBXResourcesBuildPhase;
			buildActionMask = 2147483647;
			files = (
			);
			runOnlyForDeploymentPostprocessing = 0;
		};
/* End PBXResourcesBuildPhase section */

/* Begin PBXSourcesBuildPhase section */
		343E12D61AB97C0F001AA7F8 /* Sources */ = {
			isa = PBXSourcesBuildPhase;
			buildActionMask = 2147483647;
			files = (
				343E12E31AB97C0F001AA7F8 /* AppDelegate.m in Sources */,
				343E12E01AB97C0F001AA7F8 /* main.m in Sources */,
			);
			runOnlyForDeploymentPostprocessing = 0;
		};
		343E12E91AB97C0F001AA7F8 /* Sources */ = {
			isa = PBXSourcesBuildPhase;
			buildActionMask = 2147483647;
			files = (
				343E12F41AB97C0F001AA7F8 /* PracticeTests.m in Sources */,
			);
			runOnlyForDeploymentPostprocessing = 0;
		};
/* End PBXSourcesBuildPhase section */

/* Begin PBXTargetDependency section */
		343E12EF1AB97C0F001AA7F8 /* PBXTargetDependency */ = {
			isa = PBXTargetDependency;
			target = 343E12D91AB97C0F001AA7F8 /* Practice */;
			targetProxy = 343E12EE1AB97C0F001AA7F8 /* PBXContainerItemProxy */;
		};
/* End PBXTargetDependency section */

/* Begin PBXVariantGroup section */
		343E12E61AB97C0F001AA7F8 /* LaunchScreen.xib */ = {
			isa = PBXVariantGroup;
			children = (
				343E12E71AB97C0F001AA7F8 /* Base */,
			);
			name = LaunchScreen.xib;
			sourceTree = "<group>";
		};
/* End PBXVariantGroup section */

/* Begin XCBuildConfiguration section */
		343E12F51AB97C0F001AA7F8 /* Debug */ = {
			isa = XCBuildConfiguration;
			buildSettings = {
				ALWAYS_SEARCH_USER_PATHS = NO;
				CLANG_CXX_LANGUAGE_STANDARD = "gnu++0x";
				CLANG_CXX_LIBRARY = "libc++";
				CLANG_ENABLE_MODULES = YES;
				CLANG_ENABLE_OBJC_ARC = YES;
				CLANG_WARN_BOOL_CONVERSION = YES;
				CLANG_WARN_CONSTANT_CONVERSION = YES;
				CLANG_WARN_DIRECT_OBJC_ISA_USAGE = YES_ERROR;
				CLANG_WARN_EMPTY_BODY = YES;
				CLANG_WARN_ENUM_CONVERSION = YES;
				CLANG_WARN_INT_CONVERSION = YES;
				CLANG_WARN_OBJC_ROOT_CLASS = YES_ERROR;
				CLANG_WARN_UNREACHABLE_CODE = YES;
				CLANG_WARN__DUPLICATE_METHOD_MATCH = YES;
				"CODE_SIGN_IDENTITY[sdk=iphoneos*]" = "iPhone Developer";
				COPY_PHASE_STRIP = NO;
				ENABLE_STRICT_OBJC_MSGSEND = YES;
				GCC_C_LANGUAGE_STANDARD = gnu99;
				GCC_DYNAMIC_NO_PIC = NO;
				GCC_OPTIMIZATION_LEVEL = 0;
				GCC_PREPROCESSOR_DEFINITIONS = (
					"DEBUG=1",
					"$(inherited)",
				);
				GCC_SYMBOLS_PRIVATE_EXTERN = NO;
				GCC_WARN_64_TO_32_BIT_CONVERSION = YES;
				GCC_WARN_ABOUT_RETURN_TYPE = YES_ERROR;
				GCC_WARN_UNDECLARED_SELECTOR = YES;
				GCC_WARN_UNINITIALIZED_AUTOS = YES_AGGRESSIVE;
				GCC_WARN_UNUSED_FUNCTION = YES;
				GCC_WARN_UNUSED_VARIABLE = YES;
				IPHONEOS_DEPLOYMENT_TARGET = 8.1;
				MTL_ENABLE_DEBUG_INFO = YES;
				ONLY_ACTIVE_ARCH = YES;
				SDKROOT = iphoneos;
			};
			name = Debug;
		};
		343E12F61AB97C0F001AA7F8 /* Release */ = {
			isa = XCBuildConfiguration;
			buildSettings = {
				ALWAYS_SEARCH_USER_PATHS = NO;
				CLANG_CXX_LANGUAGE_STANDARD = "gnu++0x";
				CLANG_CXX_LIBRARY = "libc++";
				CLANG_ENABLE_MODULES = YES;
				CLANG_ENABLE_OBJC_ARC = YES;
				CLANG_WARN_BOOL_CONVERSION = YES;
				CLANG_WARN_CONSTANT_CONVERSION = YES;
				CLANG_WARN_DIRECT_OBJC_ISA_USAGE = YES_ERROR;
				CLANG_WARN_EMPTY_BODY = YES;
				CLANG_WARN_ENUM_CONVERSION = YES;
				CLANG_WARN_INT_CONVERSION = YES;
				CLANG_WARN_OBJC_ROOT_CLASS = YES_ERROR;
				CLANG_WARN_UNREACHABLE_CODE = YES;
				CLANG_WARN__DUPLICATE_METHOD_MATCH = YES;
				"CODE_SIGN_IDENTITY[sdk=iphoneos*]" = "iPhone Developer";
				COPY_PHASE_STRIP = YES;
				ENABLE_NS_ASSERTIONS = NO;
				ENABLE_STRICT_OBJC_MSGSEND = YES;
				GCC_C_LANGUAGE_STANDARD = gnu99;
				GCC_WARN_64_TO_32_BIT_CONVERSION = YES;
				GCC_WARN_ABOUT_RETURN_TYPE = YES_ERROR;
				GCC_WARN_UNDECLARED_SELECTOR = YES;
				GCC_WARN_UNINITIALIZED_AUTOS = YES_AGGRESSIVE;
				GCC_WARN_UNUSED_FUNCTION = YES;
				GCC_WARN_UNUSED_VARIABLE = YES;
				IPHONEOS_DEPLOYMENT_TARGET = 8.1;
				MTL_ENABLE_DEBUG_INFO = NO;
				SDKROOT = iphoneos;
				VALIDATE_PRODUCT = YES;
			};
			name = Release;
		};
		343E12F81AB97C0F001AA7F8 /* Debug */ = {
			isa = XCBuildConfiguration;
			buildSettings = {
				ASSETCATALOG_COMPILER_APPICON_NAME = AppIcon;
				CLANG_ENABLE_OBJC_ARC = NO;
				INFOPLIST_FILE = Practice/Info.plist;
				LD_RUNPATH_SEARCH_PATHS = "$(inherited) @executable_path/Frameworks";
				PRODUCT_NAME = "$(TARGET_NAME)";
			};
			name = Debug;
		};
		343E12F91AB97C0F001AA7F8 /* Release */ = {
			isa = XCBuildConfiguration;
			buildSettings = {
				ASSETCATALOG_COMPILER_APPICON_NAME = AppIcon;
				CLANG_ENABLE_OBJC_ARC = NO;
				INFOPLIST_FILE = Practice/Info.plist;
				LD_RUNPATH_SEARCH_PATHS = "$(inherited) @executable_path/Frameworks";
				PRODUCT_NAME = "$(TARGET_NAME)";
			};
			name = Release;
		};
		343E12FB1AB97C0F001AA7F8 /* Debug */ = {
			isa = XCBuildConfiguration;
			buildSettings = {
				BUNDLE_LOADER = "$(TEST_HOST)";
				FRAMEWORK_SEARCH_PATHS = (
					"$(SDKROOT)/Developer/Library/Frameworks",
					"$(inherited)",
				);
				GCC_PREPROCESSOR_DEFINITIONS = (
					"DEBUG=1",
					"$(inherited)",
				);
				INFOPLIST_FILE = PracticeTests/Info.plist;
				LD_RUNPATH_SEARCH_PATHS = "$(inherited) @executable_path/Frameworks @loader_path/Frameworks";
				PRODUCT_NAME = "$(TARGET_NAME)";
				TEST_HOST = "$(BUILT_PRODUCTS_DIR)/Practice.app/Practice";
			};
			name = Debug;
		};
		343E12FC1AB97C0F001AA7F8 /* Release */ = {
			isa = XCBuildConfiguration;
			buildSettings = {
				BUNDLE_LOADER = "$(TEST_HOST)";
				FRAMEWORK_SEARCH_PATHS = (
					"$(SDKROOT)/Developer/Library/Frameworks",
					"$(inherited)",
				);
				INFOPLIST_FILE = PracticeTests/Info.plist;
				LD_RUNPATH_SEARCH_PATHS = "$(inherited) @executable_path/Frameworks @loader_path/Frameworks";
				PRODUCT_NAME = "$(TARGET_NAME)";
				TEST_HOST = "$(BUILT_PRODUCTS_DIR)/Practice.app/Practice";
			};
			name = Release;
		};
/* End XCBuildConfiguration section */

/* Begin XCConfigurationList section */
		343E12D51AB97C0F001AA7F8 /* Build configuration list for PBXProject "Practice" */ = {
			isa = XCConfigurationList;
			buildConfigurations = (
				343E12F51AB97C0F001AA7F8 /* Debug */,
				343E12F61AB97C0F001AA7F8 /* Release */,
			);
			defaultConfigurationIsVisible = 0;
			defaultConfigurationName = Release;
		};
		343E12F71AB97C0F001AA7F8 /* Build configuration list for PBXNativeTarget "Practice" */ = {
			isa = XCConfigurationList;
			buildConfigurations = (
				343E12F81AB97C0F001AA7F8 /* Debug */,
				343E12F91AB97C0F001AA7F8 /* Release */,
			);
			defaultConfigurationIsVisible = 0;
		};
		343E12FA1AB97C0F001AA7F8 /* Build configuration list for PBXNativeTarget "PracticeTests" */ = {
			isa = XCConfigurationList;
			buildConfigurations = (
				343E12FB1AB97C0F001AA7F8 /* Debug */,
				343E12FC1AB97C0F001AA7F8 /* Release */,
			);
			defaultConfigurationIsVisible = 0;
		};
/* End XCConfigurationList section */
	};
	rootObject = 343E12D21AB97C0F001AA7F8 /* Project object */;
}
