// !$*UTF8*$!
{
	archiveVersion = 1;
	classes = {
	};
	objectVersion = 46;
	objects = {

/* Begin PBXBuildFile section */
		3410CA521ABA54A900AA994B /* 123.png in Resources */ = {isa = PBXBuildFile; fileRef = 3410CA511ABA54A900AA994B /* 123.png */; };
		343E133E1AB9B02A001AA7F8 /* main.m in Sources */ = {isa = PBXBuildFile; fileRef = 343E133D1AB9B02A001AA7F8 /* main.m */; };
		343E13411AB9B02A001AA7F8 /* AppDelegate.m in Sources */ = {isa = PBXBuildFile; fileRef = 343E13401AB9B02A001AA7F8 /* AppDelegate.m */; };
		343E13431AB9B02A001AA7F8 /* Images.xcassets in Resources */ = {isa = PBXBuildFile; fileRef = 343E13421AB9B02A001AA7F8 /* Images.xcassets */; };
		343E13461AB9B02A001AA7F8 /* LaunchScreen.xib in Resources */ = {isa = PBXBuildFile; fileRef = 343E13441AB9B02A001AA7F8 /* LaunchScreen.xib */; };
		343E13521AB9B02A001AA7F8 /* ceshiTests.m in Sources */ = {isa = PBXBuildFile; fileRef = 343E13511AB9B02A001AA7F8 /* ceshiTests.m */; };
		343E135D1AB9B745001AA7F8 /* LTView.m in Sources */ = {isa = PBXBuildFile; fileRef = 343E135C1AB9B745001AA7F8 /* LTView.m */; };
/* End PBXBuildFile section */

/* Begin PBXContainerItemProxy section */
		343E134C1AB9B02A001AA7F8 /* PBXContainerItemProxy */ = {
			isa = PBXContainerItemProxy;
			containerPortal = 343E13301AB9B02A001AA7F8 /* Project object */;
			proxyType = 1;
			remoteGlobalIDString = 343E13371AB9B02A001AA7F8;
			remoteInfo = ceshi;
		};
/* End PBXContainerItemProxy section */

/* Begin PBXFileReference section */
		3410CA511ABA54A900AA994B /* 123.png */ = {isa = PBXFileReference; lastKnownFileType = image.png; path = 123.png; sourceTree = "<group>"; };
		343E13381AB9B02A001AA7F8 /* ceshi.app */ = {isa = PBXFileReference; explicitFileType = wrapper.application; includeInIndex = 0; path = ceshi.app; sourceTree = BUILT_PRODUCTS_DIR; };
		343E133C1AB9B02A001AA7F8 /* Info.plist */ = {isa = PBXFileReference; lastKnownFileType = text.plist.xml; path = Info.plist; sourceTree = "<group>"; };
		343E133D1AB9B02A001AA7F8 /* main.m */ = {isa = PBXFileReference; lastKnownFileType = sourcecode.c.objc; path = main.m; sourceTree = "<group>"; };
		343E133F1AB9B02A001AA7F8 /* AppDelegate.h */ = {isa = PBXFileReference; lastKnownFileType = sourcecode.c.h; path = AppDelegate.h; sourceTree = "<group>"; };
		343E13401AB9B02A001AA7F8 /* AppDelegate.m */ = {isa = PBXFileReference; lastKnownFileType = sourcecode.c.objc; path = AppDelegate.m; sourceTree = "<group>"; };
		343E13421AB9B02A001AA7F8 /* Images.xcassets */ = {isa = PBXFileReference; lastKnownFileType = folder.assetcatalog; path = Images.xcassets; sourceTree = "<group>"; };
		343E13451AB9B02A001AA7F8 /* Base */ = {isa = PBXFileReference; lastKnownFileType = file.xib; name = Base; path = Base.lproj/LaunchScreen.xib; sourceTree = "<group>"; };
		343E134B1AB9B02A001AA7F8 /* ceshiTests.xctest */ = {isa = PBXFileReference; explicitFileType = wrapper.cfbundle; includeInIndex = 0; path = ceshiTests.xctest; sourceTree = BUILT_PRODUCTS_DIR; };
		343E13501AB9B02A001AA7F8 /* Info.plist */ = {isa = PBXFileReference; lastKnownFileType = text.plist.xml; path = Info.plist; sourceTree = "<group>"; };
		343E13511AB9B02A001AA7F8 /* ceshiTests.m */ = {isa = PBXFileReference; lastKnownFileType = sourcecode.c.objc; path = ceshiTests.m; sourceTree = "<group>"; };
		343E135B1AB9B745001AA7F8 /* LTView.h */ = {isa = PBXFileReference; fileEncoding = 4; lastKnownFileType = sourcecode.c.h; path = LTView.h; sourceTree = "<group>"; };
		343E135C1AB9B745001AA7F8 /* LTView.m */ = {isa = PBXFileReference; fileEncoding = 4; lastKnownFileType = sourcecode.c.objc; path = LTView.m; sourceTree = "<group>"; };
/* End PBXFileReference section */

/* Begin PBXFrameworksBuildPhase section */
		343E13351AB9B02A001AA7F8 /* Frameworks */ = {
			isa = PBXFrameworksBuildPhase;
			buildActionMask = 2147483647;
			files = (
			);
			runOnlyForDeploymentPostprocessing = 0;
		};
		343E13481AB9B02A001AA7F8 /* Frameworks */ = {
			isa = PBXFrameworksBuildPhase;
			buildActionMask = 2147483647;
			files = (
			);
			runOnlyForDeploymentPostprocessing = 0;
		};
/* End PBXFrameworksBuildPhase section */

/* Begin PBXGroup section */
		343E132F1AB9B02A001AA7F8 = {
			isa = PBXGroup;
			children = (
				343E133A1AB9B02A001AA7F8 /* ceshi */,
				343E134E1AB9B02A001AA7F8 /* ceshiTests */,
				343E13391AB9B02A001AA7F8 /* Products */,
			);
			sourceTree = "<group>";
		};
		343E13391AB9B02A001AA7F8 /* Products */ = {
			isa = PBXGroup;
			children = (
				343E13381AB9B02A001AA7F8 /* ceshi.app */,
				343E134B1AB9B02A001AA7F8 /* ceshiTests.xctest */,
			);
			name = Products;
			sourceTree = "<group>";
		};
		343E133A1AB9B02A001AA7F8 /* ceshi */ = {
			isa = PBXGroup;
			children = (
				343E133F1AB9B02A001AA7F8 /* AppDelegate.h */,
				343E13401AB9B02A001AA7F8 /* AppDelegate.m */,
				343E135B1AB9B745001AA7F8 /* LTView.h */,
				343E135C1AB9B745001AA7F8 /* LTView.m */,
				3410CA511ABA54A900AA994B /* 123.png */,
				343E13421AB9B02A001AA7F8 /* Images.xcassets */,
				343E13441AB9B02A001AA7F8 /* LaunchScreen.xib */,
				343E133B1AB9B02A001AA7F8 /* Supporting Files */,
			);
			path = ceshi;
			sourceTree = "<group>";
		};
		343E133B1AB9B02A001AA7F8 /* Supporting Files */ = {
			isa = PBXGroup;
			children = (
				343E133C1AB9B02A001AA7F8 /* Info.plist */,
				343E133D1AB9B02A001AA7F8 /* main.m */,
			);
			name = "Supporting Files";
			sourceTree = "<group>";
		};
		343E134E1AB9B02A001AA7F8 /* ceshiTests */ = {
			isa = PBXGroup;
			children = (
				343E13511AB9B02A001AA7F8 /* ceshiTests.m */,
				343E134F1AB9B02A001AA7F8 /* Supporting Files */,
			);
			path = ceshiTests;
			sourceTree = "<group>";
		};
		343E134F1AB9B02A001AA7F8 /* Supporting Files */ = {
			isa = PBXGroup;
			children = (
				343E13501AB9B02A001AA7F8 /* Info.plist */,
			);
			name = "Supporting Files";
			sourceTree = "<group>";
		};
/* End PBXGroup section */

/* Begin PBXNativeTarget section */
		343E13371AB9B02A001AA7F8 /* ceshi */ = {
			isa = PBXNativeTarget;
			buildConfigurationList = 343E13551AB9B02A001AA7F8 /* Build configuration list for PBXNativeTarget "ceshi" */;
			buildPhases = (
				343E13341AB9B02A001AA7F8 /* Sources */,
				343E13351AB9B02A001AA7F8 /* Frameworks */,
				343E13361AB9B02A001AA7F8 /* Resources */,
			);
			buildRules = (
			);
			dependencies = (
			);
			name = ceshi;
			productName = ceshi;
			productReference = 343E13381AB9B02A001AA7F8 /* ceshi.app */;
			productType = "com.apple.product-type.application";
		};
		343E134A1AB9B02A001AA7F8 /* ceshiTests */ = {
			isa = PBXNativeTarget;
			buildConfigurationList = 343E13581AB9B02A001AA7F8 /* Build configuration list for PBXNativeTarget "ceshiTests" */;
			buildPhases = (
				343E13471AB9B02A001AA7F8 /* Sources */,
				343E13481AB9B02A001AA7F8 /* Frameworks */,
				343E13491AB9B02A001AA7F8 /* Resources */,
			);
			buildRules = (
			);
			dependencies = (
				343E134D1AB9B02A001AA7F8 /* PBXTargetDependency */,
			);
			name = ceshiTests;
			productName = ceshiTests;
			productReference = 343E134B1AB9B02A001AA7F8 /* ceshiTests.xctest */;
			productType = "com.apple.product-type.bundle.unit-test";
		};
/* End PBXNativeTarget section */

/* Begin PBXProject section */
		343E13301AB9B02A001AA7F8 /* Project object */ = {
			isa = PBXProject;
			attributes = {
				LastUpgradeCheck = 0610;
				ORGANIZATIONNAME = lanouhn;
				TargetAttributes = {
					343E13371AB9B02A001AA7F8 = {
						CreatedOnToolsVersion = 6.1;
					};
					343E134A1AB9B02A001AA7F8 = {
						CreatedOnToolsVersion = 6.1;
						TestTargetID = 343E13371AB9B02A001AA7F8;
					};
				};
			};
			buildConfigurationList = 343E13331AB9B02A001AA7F8 /* Build configuration list for PBXProject "ceshi" */;
			compatibilityVersion = "Xcode 3.2";
			developmentRegion = English;
			hasScannedForEncodings = 0;
			knownRegions = (
				en,
				Base,
			);
			mainGroup = 343E132F1AB9B02A001AA7F8;
			productRefGroup = 343E13391AB9B02A001AA7F8 /* Products */;
			projectDirPath = "";
			projectRoot = "";
			targets = (
				343E13371AB9B02A001AA7F8 /* ceshi */,
				343E134A1AB9B02A001AA7F8 /* ceshiTests */,
			);
		};
/* End PBXProject section */

/* Begin PBXResourcesBuildPhase section */
		343E13361AB9B02A001AA7F8 /* Resources */ = {
			isa = PBXResourcesBuildPhase;
			buildActionMask = 2147483647;
			files = (
				3410CA521ABA54A900AA994B /* 123.png in Resources */,
				343E13461AB9B02A001AA7F8 /* LaunchScreen.xib in Resources */,
				343E13431AB9B02A001AA7F8 /* Images.xcassets in Resources */,
			);
			runOnlyForDeploymentPostprocessing = 0;
		};
		343E13491AB9B02A001AA7F8 /* Resources */ = {
			isa = PBXResourcesBuildPhase;
			buildActionMask = 2147483647;
			files = (
			);
			runOnlyForDeploymentPostprocessing = 0;
		};
/* End PBXResourcesBuildPhase section */

/* Begin PBXSourcesBuildPhase section */
		343E13341AB9B02A001AA7F8 /* Sources */ = {
			isa = PBXSourcesBuildPhase;
			buildActionMask = 2147483647;
			files = (
				343E13411AB9B02A001AA7F8 /* AppDelegate.m in Sources */,
				343E133E1AB9B02A001AA7F8 /* main.m in Sources */,
				343E135D1AB9B745001AA7F8 /* LTView.m in Sources */,
			);
			runOnlyForDeploymentPostprocessing = 0;
		};
		343E13471AB9B02A001AA7F8 /* Sources */ = {
			isa = PBXSourcesBuildPhase;
			buildActionMask = 2147483647;
			files = (
				343E13521AB9B02A001AA7F8 /* ceshiTests.m in Sources */,
			);
			runOnlyForDeploymentPostprocessing = 0;
		};
/* End PBXSourcesBuildPhase section */

/* Begin PBXTargetDependency section */
		343E134D1AB9B02A001AA7F8 /* PBXTargetDependency */ = {
			isa = PBXTargetDependency;
			target = 343E13371AB9B02A001AA7F8 /* ceshi */;
			targetProxy = 343E134C1AB9B02A001AA7F8 /* PBXContainerItemProxy */;
		};
/* End PBXTargetDependency section */

/* Begin PBXVariantGroup section */
		343E13441AB9B02A001AA7F8 /* LaunchScreen.xib */ = {
			isa = PBXVariantGroup;
			children = (
				343E13451AB9B02A001AA7F8 /* Base */,
			);
			name = LaunchScreen.xib;
			sourceTree = "<group>";
		};
/* End PBXVariantGroup section */

/* Begin XCBuildConfiguration section */
		343E13531AB9B02A001AA7F8 /* Debug */ = {
			isa = XCBuildConfiguration;
			buildSettings = {
				ALWAYS_SEARCH_USER_PATHS = NO;
				CLANG_CXX_LANGUAGE_STANDARD = "gnu++0x";
				CLANG_CXX_LIBRARY = "libc++";
				CLANG_ENABLE_MODULES = YES;
				CLANG_ENABLE_OBJC_ARC = YES;
				CLANG_WARN_BOOL_CONVERSION = YES;
				CLANG_WARN_CONSTANT_CONVERSION = YES;
				CLANG_WARN_DIRECT_OBJC_ISA_USAGE = YES_ERROR;
				CLANG_WARN_EMPTY_BODY = YES;
				CLANG_WARN_ENUM_CONVERSION = YES;
				CLANG_WARN_INT_CONVERSION = YES;
				CLANG_WARN_OBJC_ROOT_CLASS = YES_ERROR;
				CLANG_WARN_UNREACHABLE_CODE = YES;
				CLANG_WARN__DUPLICATE_METHOD_MATCH = YES;
				"CODE_SIGN_IDENTITY[sdk=iphoneos*]" = "iPhone Developer";
				COPY_PHASE_STRIP = NO;
				ENABLE_STRICT_OBJC_MSGSEND = YES;
				GCC_C_LANGUAGE_STANDARD = gnu99;
				GCC_DYNAMIC_NO_PIC = NO;
				GCC_OPTIMIZATION_LEVEL = 0;
				GCC_PREPROCESSOR_DEFINITIONS = (
					"DEBUG=1",
					"$(inherited)",
				);
				GCC_SYMBOLS_PRIVATE_EXTERN = NO;
				GCC_WARN_64_TO_32_BIT_CONVERSION = YES;
				GCC_WARN_ABOUT_RETURN_TYPE = YES_ERROR;
				GCC_WARN_UNDECLARED_SELECTOR = YES;
				GCC_WARN_UNINITIALIZED_AUTOS = YES_AGGRESSIVE;
				GCC_WARN_UNUSED_FUNCTION = YES;
				GCC_WARN_UNUSED_VARIABLE = YES;
				IPHONEOS_DEPLOYMENT_TARGET = 8.1;
				MTL_ENABLE_DEBUG_INFO = YES;
				ONLY_ACTIVE_ARCH = YES;
				SDKROOT = iphoneos;
			};
			name = Debug;
		};
		343E13541AB9B02A001AA7F8 /* Release */ = {
			isa = XCBuildConfiguration;
			buildSettings = {
				ALWAYS_SEARCH_USER_PATHS = NO;
				CLANG_CXX_LANGUAGE_STANDARD = "gnu++0x";
				CLANG_CXX_LIBRARY = "libc++";
				CLANG_ENABLE_MODULES = YES;
				CLANG_ENABLE_OBJC_ARC = YES;
				CLANG_WARN_BOOL_CONVERSION = YES;
				CLANG_WARN_CONSTANT_CONVERSION = YES;
				CLANG_WARN_DIRECT_OBJC_ISA_USAGE = YES_ERROR;
				CLANG_WARN_EMPTY_BODY = YES;
				CLANG_WARN_ENUM_CONVERSION = YES;
				CLANG_WARN_INT_CONVERSION = YES;
				CLANG_WARN_OBJC_ROOT_CLASS = YES_ERROR;
				CLANG_WARN_UNREACHABLE_CODE = YES;
				CLANG_WARN__DUPLICATE_METHOD_MATCH = YES;
				"CODE_SIGN_IDENTITY[sdk=iphoneos*]" = "iPhone Developer";
				COPY_PHASE_STRIP = YES;
				ENABLE_NS_ASSERTIONS = NO;
				ENABLE_STRICT_OBJC_MSGSEND = YES;
				GCC_C_LANGUAGE_STANDARD = gnu99;
				GCC_WARN_64_TO_32_BIT_CONVERSION = YES;
				GCC_WARN_ABOUT_RETURN_TYPE = YES_ERROR;
				GCC_WARN_UNDECLARED_SELECTOR = YES;
				GCC_WARN_UNINITIALIZED_AUTOS = YES_AGGRESSIVE;
				GCC_WARN_UNUSED_FUNCTION = YES;
				GCC_WARN_UNUSED_VARIABLE = YES;
				IPHONEOS_DEPLOYMENT_TARGET = 8.1;
				MTL_ENABLE_DEBUG_INFO = NO;
				SDKROOT = iphoneos;
				VALIDATE_PRODUCT = YES;
			};
			name = Release;
		};
		343E13561AB9B02A001AA7F8 /* Debug */ = {
			isa = XCBuildConfiguration;
			buildSettings = {
				ASSETCATALOG_COMPILER_APPICON_NAME = AppIcon;
				CLANG_ENABLE_OBJC_ARC = NO;
				INFOPLIST_FILE = ceshi/Info.plist;
				LD_RUNPATH_SEARCH_PATHS = "$(inherited) @executable_path/Frameworks";
				PRODUCT_NAME = "$(TARGET_NAME)";
			};
			name = Debug;
		};
		343E13571AB9B02A001AA7F8 /* Release */ = {
			isa = XCBuildConfiguration;
			buildSettings = {
				ASSETCATALOG_COMPILER_APPICON_NAME = AppIcon;
				CLANG_ENABLE_OBJC_ARC = NO;
				INFOPLIST_FILE = ceshi/Info.plist;
				LD_RUNPATH_SEARCH_PATHS = "$(inherited) @executable_path/Frameworks";
				PRODUCT_NAME = "$(TARGET_NAME)";
			};
			name = Release;
		};
		343E13591AB9B02A001AA7F8 /* Debug */ = {
			isa = XCBuildConfiguration;
			buildSettings = {
				BUNDLE_LOADER = "$(TEST_HOST)";
				FRAMEWORK_SEARCH_PATHS = (
					"$(SDKROOT)/Developer/Library/Frameworks",
					"$(inherited)",
				);
				GCC_PREPROCESSOR_DEFINITIONS = (
					"DEBUG=1",
					"$(inherited)",
				);
				INFOPLIST_FILE = ceshiTests/Info.plist;
				LD_RUNPATH_SEARCH_PATHS = "$(inherited) @executable_path/Frameworks @loader_path/Frameworks";
				PRODUCT_NAME = "$(TARGET_NAME)";
				TEST_HOST = "$(BUILT_PRODUCTS_DIR)/ceshi.app/ceshi";
			};
			name = Debug;
		};
		343E135A1AB9B02A001AA7F8 /* Release */ = {
			isa = XCBuildConfiguration;
			buildSettings = {
				BUNDLE_LOADER = "$(TEST_HOST)";
				FRAMEWORK_SEARCH_PATHS = (
					"$(SDKROOT)/Developer/Library/Frameworks",
					"$(inherited)",
				);
				INFOPLIST_FILE = ceshiTests/Info.plist;
				LD_RUNPATH_SEARCH_PATHS = "$(inherited) @executable_path/Frameworks @loader_path/Frameworks";
				PRODUCT_NAME = "$(TARGET_NAME)";
				TEST_HOST = "$(BUILT_PRODUCTS_DIR)/ceshi.app/ceshi";
			};
			name = Release;
		};
/* End XCBuildConfiguration section */

/* Begin XCConfigurationList section */
		343E13331AB9B02A001AA7F8 /* Build configuration list for PBXProject "ceshi" */ = {
			isa = XCConfigurationList;
			buildConfigurations = (
				343E13531AB9B02A001AA7F8 /* Debug */,
				343E13541AB9B02A001AA7F8 /* Release */,
			);
			defaultConfigurationIsVisible = 0;
			defaultConfigurationName = Release;
		};
		343E13551AB9B02A001AA7F8 /* Build configuration list for PBXNativeTarget "ceshi" */ = {
			isa = XCConfigurationList;
			buildConfigurations = (
				343E13561AB9B02A001AA7F8 /* Debug */,
				343E13571AB9B02A001AA7F8 /* Release */,
			);
			defaultConfigurationIsVisible = 0;
			defaultConfigurationName = Release;
		};
		343E13581AB9B02A001AA7F8 /* Build configuration list for PBXNativeTarget "ceshiTests" */ = {
			isa = XCConfigurationList;
			buildConfigurations = (
				343E13591AB9B02A001AA7F8 /* Debug */,
				343E135A1AB9B02A001AA7F8 /* Release */,
			);
			defaultConfigurationIsVisible = 0;
			defaultConfigurationName = Release;
		};
/* End XCConfigurationList section */
	};
	rootObject = 343E13301AB9B02A001AA7F8 /* Project object */;
}
